{
  "version": 4,
  "terraform_version": "1.14.7",
  "serial": 203,
  "lineage": "ecb7f0de-e129-bb32-1ef9-da1c04c1c602",
  "outputs": {
    "alb_dns_name": {
      "value": "log-aggregator-dev-alb-147368895.us-west-2.elb.amazonaws.com",
      "type": "string"
    },
    "ecr_repository_urls": {
      "value": {
        "cassandra-store": "341360363145.dkr.ecr.us-west-2.amazonaws.com/log-aggregator/cassandra-store",
        "cpp-service": "341360363145.dkr.ecr.us-west-2.amazonaws.com/log-aggregator/cpp-service",
        "elasticsearch-indexer": "341360363145.dkr.ecr.us-west-2.amazonaws.com/log-aggregator/elasticsearch-indexer",
        "go-service": "341360363145.dkr.ecr.us-west-2.amazonaws.com/log-aggregator/go-service",
        "java-service": "341360363145.dkr.ecr.us-west-2.amazonaws.com/log-aggregator/java-service",
        "ollama": "341360363145.dkr.ecr.us-west-2.amazonaws.com/log-aggregator/ollama",
        "otel-collector": "341360363145.dkr.ecr.us-west-2.amazonaws.com/log-aggregator/otel-collector",
        "ui-api": "341360363145.dkr.ecr.us-west-2.amazonaws.com/log-aggregator/ui-api"
      },
      "type": [
        "object",
        {
          "cassandra-store": "string",
          "cpp-service": "string",
          "elasticsearch-indexer": "string",
          "go-service": "string",
          "java-service": "string",
          "ollama": "string",
          "otel-collector": "string",
          "ui-api": "string"
        }
      ]
    },
    "ecs_cluster_name": {
      "value": "log-aggregator-dev-cluster",
      "type": "string"
    },
    "ecs_service_discovery_namespace": {
      "value": "dev.log-aggregator.local",
      "type": "string"
    },
    "ecs_services_security_group_id": {
      "value": "sg-064d0c1a918223e60",
      "type": "string"
    },
    "ecs_task_execution_role_arn": {
      "value": "arn:aws:iam::341360363145:role/log-aggregator-dev-ecs-task-execution-role",
      "type": "string"
    },
    "ecs_task_role_arn": {
      "value": "arn:aws:iam::341360363145:role/log-aggregator-dev-ecs-task-role",
      "type": "string"
    },
    "private_subnet_ids": {
      "value": [
        "subnet-08f46902e33986d5a",
        "subnet-02d08590963ecbdc3"
      ],
      "type": [
        "tuple",
        [
          "string",
          "string"
        ]
      ]
    },
    "public_subnet_ids": {
      "value": [
        "subnet-075b3ea04eafc63ee",
        "subnet-04a04697a00b512b5"
      ],
      "type": [
        "tuple",
        [
          "string",
          "string"
        ]
      ]
    },
    "stateful_host_id": {
      "value": "i-06939197b2d3106d6",
      "type": "string"
    },
    "stateful_host_private_ip": {
      "value": "10.20.10.58",
      "type": "string"
    },
    "stateful_host_security_group_id": {
      "value": "sg-0cf640c6d8a031659",
      "type": "string"
    },
    "vpc_id": {
      "value": "vpc-057651851869862ea",
      "type": "string"
    }
  },
  "resources": [
    {
      "mode": "data",
      "type": "aws_availability_zones",
      "name": "available",
      "provider": "provider[\"registry.terraform.io/hashicorp/aws\"]",
      "instances": [
        {
          "schema_version": 0,
          "attributes": {
            "all_availability_zones": null,
            "exclude_names": null,
            "exclude_zone_ids": null,
            "filter": null,
            "group_names": [
              "us-west-2-zg-1"
            ],
            "id": "us-west-2",
            "names": [
              "us-west-2a",
              "us-west-2b",
              "us-west-2c",
              "us-west-2d"
            ],
            "state": "available",
            "timeouts": null,
            "zone_ids": [
              "usw2-az1",
              "usw2-az2",
              "usw2-az3",
              "usw2-az4"
            ]
          },
          "sensitive_attributes": [],
          "identity_schema_version": 0
        }
      ]
    },
    {
      "mode": "data",
      "type": "aws_iam_policy_document",
      "name": "ec2_assume_role",
      "provider": "provider[\"registry.terraform.io/hashicorp/aws\"]",
      "instances": [
        {
          "schema_version": 0,
          "attributes": {
            "id": "2851119427",
            "json": "{\n  \"Version\": \"2012-10-17\",\n  \"Statement\": [\n    {\n      \"Effect\": \"Allow\",\n      \"Action\": \"sts:AssumeRole\",\n      \"Principal\": {\n        \"Service\": \"ec2.amazonaws.com\"\n      }\n    }\n  ]\n}",
            "minified_json": "{\"Version\":\"2012-10-17\",\"Statement\":[{\"Effect\":\"Allow\",\"Action\":\"sts:AssumeRole\",\"Principal\":{\"Service\":\"ec2.amazonaws.com\"}}]}",
            "override_json": null,
            "override_policy_documents": null,
            "policy_id": null,
            "source_json": null,
            "source_policy_documents": null,
            "statement": [
              {
                "actions": [
                  "sts:AssumeRole"
                ],
                "condition": [],
                "effect": "Allow",
                "not_actions": [],
                "not_principals": [],
                "not_resources": [],
                "principals": [
                  {
                    "identifiers": [
                      "ec2.amazonaws.com"
                    ],
                    "type": "Service"
                  }
                ],
                "resources": [],
                "sid": ""
              }
            ],
            "version": "2012-10-17"
          },
          "sensitive_attributes": [],
          "identity_schema_version": 0
        }
      ]
    },
    {
      "mode": "data",
      "type": "aws_iam_policy_document",
      "name": "ecs_task_execution_assume_role",
      "provider": "provider[\"registry.terraform.io/hashicorp/aws\"]",
      "instances": [
        {
          "schema_version": 0,
          "attributes": {
            "id": "1077804475",
            "json": "{\n  \"Version\": \"2012-10-17\",\n  \"Statement\": [\n    {\n      \"Effect\": \"Allow\",\n      \"Action\": \"sts:AssumeRole\",\n      \"Principal\": {\n        \"Service\": \"ecs-tasks.amazonaws.com\"\n      }\n    }\n  ]\n}",
            "minified_json": "{\"Version\":\"2012-10-17\",\"Statement\":[{\"Effect\":\"Allow\",\"Action\":\"sts:AssumeRole\",\"Principal\":{\"Service\":\"ecs-tasks.amazonaws.com\"}}]}",
            "override_json": null,
            "override_policy_documents": null,
            "policy_id": null,
            "source_json": null,
            "source_policy_documents": null,
            "statement": [
              {
                "actions": [
                  "sts:AssumeRole"
                ],
                "condition": [],
                "effect": "Allow",
                "not_actions": [],
                "not_principals": [],
                "not_resources": [],
                "principals": [
                  {
                    "identifiers": [
                      "ecs-tasks.amazonaws.com"
                    ],
                    "type": "Service"
                  }
                ],
                "resources": [],
                "sid": ""
              }
            ],
            "version": "2012-10-17"
          },
          "sensitive_attributes": [],
          "identity_schema_version": 0
        }
      ]
    },
    {
      "mode": "data",
      "type": "aws_ssm_parameter",
      "name": "al2023_ami",
      "provider": "provider[\"registry.terraform.io/hashicorp/aws\"]",
      "instances": [
        {
          "schema_version": 0,
          "attributes": {
            "arn": "arn:aws:ssm:us-west-2::parameter/aws/service/ami-amazon-linux-latest/al2023-ami-kernel-default-x86_64",
            "id": "/aws/service/ami-amazon-linux-latest/al2023-ami-kernel-default-x86_64",
            "insecure_value": "ami-03caad32a158f72db",
            "name": "/aws/service/ami-amazon-linux-latest/al2023-ami-kernel-default-x86_64",
            "type": "String",
            "value": "ami-03caad32a158f72db",
            "version": 153,
            "with_decryption": true
          },
          "sensitive_attributes": [
            [
              {
                "type": "get_attr",
                "value": "value"
              }
            ]
          ],
          "identity_schema_version": 0
        }
      ]
    },
    {
      "mode": "managed",
      "type": "aws_cloudwatch_log_group",
      "name": "ecs",
      "provider": "provider[\"registry.terraform.io/hashicorp/aws\"]",
      "instances": [
        {
          "schema_version": 0,
          "attributes": {
            "arn": "arn:aws:logs:us-west-2:341360363145:log-group:/aws/ecs/log-aggregator-dev",
            "id": "/aws/ecs/log-aggregator-dev",
            "kms_key_id": "",
            "log_group_class": "STANDARD",
            "name": "/aws/ecs/log-aggregator-dev",
            "name_prefix": "",
            "retention_in_days": 14,
            "skip_destroy": false,
            "tags": {},
            "tags_all": {
              "Environment": "dev",
              "ManagedBy": "terraform",
              "Project": "log-aggregator"
            }
          },
          "sensitive_attributes": [],
          "identity_schema_version": 0,
          "private": "bnVsbA=="
        }
      ]
    },
    {
      "mode": "managed",
      "type": "aws_ecr_repository",
      "name": "services",
      "provider": "provider[\"registry.terraform.io/hashicorp/aws\"]",
      "instances": [
        {
          "index_key": "cassandra-store",
          "schema_version": 0,
          "attributes": {
            "arn": "arn:aws:ecr:us-west-2:341360363145:repository/log-aggregator/cassandra-store",
            "encryption_configuration": [
              {
                "encryption_type": "AES256",
                "kms_key": ""
              }
            ],
            "force_delete": null,
            "id": "log-aggregator/cassandra-store",
            "image_scanning_configuration": [
              {
                "scan_on_push": true
              }
            ],
            "image_tag_mutability": "MUTABLE",
            "name": "log-aggregator/cassandra-store",
            "registry_id": "341360363145",
            "repository_url": "341360363145.dkr.ecr.us-west-2.amazonaws.com/log-aggregator/cassandra-store",
            "tags": {},
            "tags_all": {
              "Environment": "dev",
              "ManagedBy": "terraform",
              "Project": "log-aggregator"
            },
            "timeouts": null
          },
          "sensitive_attributes": [],
          "identity_schema_version": 0,
          "private": "eyJlMmJmYjczMC1lY2FhLTExZTYtOGY4OC0zNDM2M2JjN2M0YzAiOnsiZGVsZXRlIjoxMjAwMDAwMDAwMDAwfX0="
        },
        {
          "index_key": "cpp-service",
          "schema_version": 0,
          "attributes": {
            "arn": "arn:aws:ecr:us-west-2:341360363145:repository/log-aggregator/cpp-service",
            "encryption_configuration": [
              {
                "encryption_type": "AES256",
                "kms_key": ""
              }
            ],
            "force_delete": null,
            "id": "log-aggregator/cpp-service",
            "image_scanning_configuration": [
              {
                "scan_on_push": true
              }
            ],
            "image_tag_mutability": "MUTABLE",
            "name": "log-aggregator/cpp-service",
            "registry_id": "341360363145",
            "repository_url": "341360363145.dkr.ecr.us-west-2.amazonaws.com/log-aggregator/cpp-service",
            "tags": {},
            "tags_all": {
              "Environment": "dev",
              "ManagedBy": "terraform",
              "Project": "log-aggregator"
            },
            "timeouts": null
          },
          "sensitive_attributes": [],
          "identity_schema_version": 0,
          "private": "eyJlMmJmYjczMC1lY2FhLTExZTYtOGY4OC0zNDM2M2JjN2M0YzAiOnsiZGVsZXRlIjoxMjAwMDAwMDAwMDAwfX0="
        },
        {
          "index_key": "elasticsearch-indexer",
          "schema_version": 0,
          "attributes": {
            "arn": "arn:aws:ecr:us-west-2:341360363145:repository/log-aggregator/elasticsearch-indexer",
            "encryption_configuration": [
              {
                "encryption_type": "AES256",
                "kms_key": ""
              }
            ],
            "force_delete": null,
            "id": "log-aggregator/elasticsearch-indexer",
            "image_scanning_configuration": [
              {
                "scan_on_push": true
              }
            ],
            "image_tag_mutability": "MUTABLE",
            "name": "log-aggregator/elasticsearch-indexer",
            "registry_id": "341360363145",
            "repository_url": "341360363145.dkr.ecr.us-west-2.amazonaws.com/log-aggregator/elasticsearch-indexer",
            "tags": {},
            "tags_all": {
              "Environment": "dev",
              "ManagedBy": "terraform",
              "Project": "log-aggregator"
            },
            "timeouts": null
          },
          "sensitive_attributes": [],
          "identity_schema_version": 0,
          "private": "eyJlMmJmYjczMC1lY2FhLTExZTYtOGY4OC0zNDM2M2JjN2M0YzAiOnsiZGVsZXRlIjoxMjAwMDAwMDAwMDAwfX0="
        },
        {
          "index_key": "go-service",
          "schema_version": 0,
          "attributes": {
            "arn": "arn:aws:ecr:us-west-2:341360363145:repository/log-aggregator/go-service",
            "encryption_configuration": [
              {
                "encryption_type": "AES256",
                "kms_key": ""
              }
            ],
            "force_delete": null,
            "id": "log-aggregator/go-service",
            "image_scanning_configuration": [
              {
                "scan_on_push": true
              }
            ],
            "image_tag_mutability": "MUTABLE",
            "name": "log-aggregator/go-service",
            "registry_id": "341360363145",
            "repository_url": "341360363145.dkr.ecr.us-west-2.amazonaws.com/log-aggregator/go-service",
            "tags": {},
            "tags_all": {
              "Environment": "dev",
              "ManagedBy": "terraform",
              "Project": "log-aggregator"
            },
            "timeouts": null
          },
          "sensitive_attributes": [],
          "identity_schema_version": 0,
          "private": "eyJlMmJmYjczMC1lY2FhLTExZTYtOGY4OC0zNDM2M2JjN2M0YzAiOnsiZGVsZXRlIjoxMjAwMDAwMDAwMDAwfX0="
        },
        {
          "index_key": "java-service",
          "schema_version": 0,
          "attributes": {
            "arn": "arn:aws:ecr:us-west-2:341360363145:repository/log-aggregator/java-service",
            "encryption_configuration": [
              {
                "encryption_type": "AES256",
                "kms_key": ""
              }
            ],
            "force_delete": null,
            "id": "log-aggregator/java-service",
            "image_scanning_configuration": [
              {
                "scan_on_push": true
              }
            ],
            "image_tag_mutability": "MUTABLE",
            "name": "log-aggregator/java-service",
            "registry_id": "341360363145",
            "repository_url": "341360363145.dkr.ecr.us-west-2.amazonaws.com/log-aggregator/java-service",
            "tags": {},
            "tags_all": {
              "Environment": "dev",
              "ManagedBy": "terraform",
              "Project": "log-aggregator"
            },
            "timeouts": null
          },
          "sensitive_attributes": [],
          "identity_schema_version": 0,
          "private": "eyJlMmJmYjczMC1lY2FhLTExZTYtOGY4OC0zNDM2M2JjN2M0YzAiOnsiZGVsZXRlIjoxMjAwMDAwMDAwMDAwfX0="
        },
        {
          "index_key": "ollama",
          "schema_version": 0,
          "attributes": {
            "arn": "arn:aws:ecr:us-west-2:341360363145:repository/log-aggregator/ollama",
            "encryption_configuration": [
              {
                "encryption_type": "AES256",
                "kms_key": ""
              }
            ],
            "force_delete": null,
            "id": "log-aggregator/ollama",
            "image_scanning_configuration": [
              {
                "scan_on_push": true
              }
            ],
            "image_tag_mutability": "MUTABLE",
            "name": "log-aggregator/ollama",
            "registry_id": "341360363145",
            "repository_url": "341360363145.dkr.ecr.us-west-2.amazonaws.com/log-aggregator/ollama",
            "tags": {},
            "tags_all": {
              "Environment": "dev",
              "ManagedBy": "terraform",
              "Project": "log-aggregator"
            },
            "timeouts": null
          },
          "sensitive_attributes": [],
          "identity_schema_version": 0,
          "private": "eyJlMmJmYjczMC1lY2FhLTExZTYtOGY4OC0zNDM2M2JjN2M0YzAiOnsiZGVsZXRlIjoxMjAwMDAwMDAwMDAwfX0="
        },
        {
          "index_key": "otel-collector",
          "schema_version": 0,
          "attributes": {
            "arn": "arn:aws:ecr:us-west-2:341360363145:repository/log-aggregator/otel-collector",
            "encryption_configuration": [
              {
                "encryption_type": "AES256",
                "kms_key": ""
              }
            ],
            "force_delete": null,
            "id": "log-aggregator/otel-collector",
            "image_scanning_configuration": [
              {
                "scan_on_push": true
              }
            ],
            "image_tag_mutability": "MUTABLE",
            "name": "log-aggregator/otel-collector",
            "registry_id": "341360363145",
            "repository_url": "341360363145.dkr.ecr.us-west-2.amazonaws.com/log-aggregator/otel-collector",
            "tags": {},
            "tags_all": {
              "Environment": "dev",
              "ManagedBy": "terraform",
              "Project": "log-aggregator"
            },
            "timeouts": null
          },
          "sensitive_attributes": [],
          "identity_schema_version": 0,
          "private": "eyJlMmJmYjczMC1lY2FhLTExZTYtOGY4OC0zNDM2M2JjN2M0YzAiOnsiZGVsZXRlIjoxMjAwMDAwMDAwMDAwfX0="
        },
        {
          "index_key": "ui-api",
          "schema_version": 0,
          "attributes": {
            "arn": "arn:aws:ecr:us-west-2:341360363145:repository/log-aggregator/ui-api",
            "encryption_configuration": [
              {
                "encryption_type": "AES256",
                "kms_key": ""
              }
            ],
            "force_delete": null,
            "id": "log-aggregator/ui-api",
            "image_scanning_configuration": [
              {
                "scan_on_push": true
              }
            ],
            "image_tag_mutability": "MUTABLE",
            "name": "log-aggregator/ui-api",
            "registry_id": "341360363145",
            "repository_url": "341360363145.dkr.ecr.us-west-2.amazonaws.com/log-aggregator/ui-api",
            "tags": {},
            "tags_all": {
              "Environment": "dev",
              "ManagedBy": "terraform",
              "Project": "log-aggregator"
            },
            "timeouts": null
          },
          "sensitive_attributes": [],
          "identity_schema_version": 0,
          "private": "eyJlMmJmYjczMC1lY2FhLTExZTYtOGY4OC0zNDM2M2JjN2M0YzAiOnsiZGVsZXRlIjoxMjAwMDAwMDAwMDAwfX0="
        }
      ]
    },
    {
      "mode": "managed",
      "type": "aws_ecs_cluster",
      "name": "main",
      "provider": "provider[\"registry.terraform.io/hashicorp/aws\"]",
      "instances": [
        {
          "schema_version": 0,
          "attributes": {
            "arn": "arn:aws:ecs:us-west-2:341360363145:cluster/log-aggregator-dev-cluster",
            "configuration": [],
            "id": "arn:aws:ecs:us-west-2:341360363145:cluster/log-aggregator-dev-cluster",
            "name": "log-aggregator-dev-cluster",
            "service_connect_defaults": [],
            "setting": [
              {
                "name": "containerInsights",
                "value": "enabled"
              }
            ],
            "tags": {},
            "tags_all": {
              "Environment": "dev",
              "ManagedBy": "terraform",
              "Project": "log-aggregator"
            }
          },
          "sensitive_attributes": [],
          "identity_schema_version": 0,
          "private": "bnVsbA=="
        }
      ]
    },
    {
      "mode": "managed",
      "type": "aws_ecs_service",
      "name": "cassandra_store",
      "provider": "provider[\"registry.terraform.io/hashicorp/aws\"]",
      "instances": [
        {
          "schema_version": 1,
          "attributes": {
            "alarms": [],
            "availability_zone_rebalancing": "DISABLED",
            "capacity_provider_strategy": [],
            "cluster": "arn:aws:ecs:us-west-2:341360363145:cluster/log-aggregator-dev-cluster",
            "deployment_circuit_breaker": [
              {
                "enable": false,
                "rollback": false
              }
            ],
            "deployment_controller": [
              {
                "type": "ECS"
              }
            ],
            "deployment_maximum_percent": 200,
            "deployment_minimum_healthy_percent": 100,
            "desired_count": 1,
            "enable_ecs_managed_tags": false,
            "enable_execute_command": false,
            "force_delete": null,
            "force_new_deployment": null,
            "health_check_grace_period_seconds": 0,
            "iam_role": "/aws-service-role/ecs.amazonaws.com/AWSServiceRoleForECS",
            "id": "arn:aws:ecs:us-west-2:341360363145:service/log-aggregator-dev-cluster/cassandra-store",
            "launch_type": "FARGATE",
            "load_balancer": [],
            "name": "cassandra-store",
            "network_configuration": [
              {
                "assign_public_ip": false,
                "security_groups": [
                  "sg-064d0c1a918223e60"
                ],
                "subnets": [
                  "subnet-02d08590963ecbdc3",
                  "subnet-08f46902e33986d5a"
                ]
              }
            ],
            "ordered_placement_strategy": [],
            "placement_constraints": [],
            "platform_version": "LATEST",
            "propagate_tags": "NONE",
            "scheduling_strategy": "REPLICA",
            "service_connect_configuration": [],
            "service_registries": [
              {
                "container_name": "",
                "container_port": 0,
                "port": 0,
                "registry_arn": "arn:aws:servicediscovery:us-west-2:341360363145:service/srv-gpwirkcqhx35faoa"
              }
            ],
            "tags": {},
            "tags_all": {
              "Environment": "dev",
              "ManagedBy": "terraform",
              "Project": "log-aggregator"
            },
            "task_definition": "arn:aws:ecs:us-west-2:341360363145:task-definition/log-aggregator-dev-cassandra-store:3",
            "timeouts": null,
            "triggers": {},
            "volume_configuration": [],
            "vpc_lattice_configurations": [],
            "wait_for_steady_state": false
          },
          "sensitive_attributes": [],
          "identity_schema_version": 0,
          "private": "eyJlMmJmYjczMC1lY2FhLTExZTYtOGY4OC0zNDM2M2JjN2M0YzAiOnsiY3JlYXRlIjoxMjAwMDAwMDAwMDAwLCJkZWxldGUiOjEyMDAwMDAwMDAwMDAsInVwZGF0ZSI6MTIwMDAwMDAwMDAwMH0sInNjaGVtYV92ZXJzaW9uIjoiMSJ9",
          "dependencies": [
            "aws_cloudwatch_log_group.ecs",
            "aws_ecr_repository.services",
            "aws_ecs_cluster.main",
            "aws_ecs_task_definition.cassandra_store",
            "aws_iam_instance_profile.stateful_host",
            "aws_iam_role.ecs_task",
            "aws_iam_role.ecs_task_execution",
            "aws_iam_role.stateful_host",
            "aws_instance.stateful_host",
            "aws_security_group.alb",
            "aws_security_group.ecs_services",
            "aws_security_group.stateful_host",
            "aws_service_discovery_private_dns_namespace.ecs",
            "aws_service_discovery_service.services",
            "aws_subnet.private",
            "aws_vpc.main",
            "data.aws_availability_zones.available",
            "data.aws_iam_policy_document.ec2_assume_role",
            "data.aws_iam_policy_document.ecs_task_execution_assume_role",
            "data.aws_ssm_parameter.al2023_ami"
          ]
        }
      ]
    },
    {
      "mode": "managed",
      "type": "aws_ecs_service",
      "name": "cpp_service",
      "provider": "provider[\"registry.terraform.io/hashicorp/aws\"]",
      "instances": [
        {
          "schema_version": 1,
          "attributes": {
            "alarms": [],
            "availability_zone_rebalancing": "DISABLED",
            "capacity_provider_strategy": [],
            "cluster": "arn:aws:ecs:us-west-2:341360363145:cluster/log-aggregator-dev-cluster",
            "deployment_circuit_breaker": [
              {
                "enable": false,
                "rollback": false
              }
            ],
            "deployment_controller": [
              {
                "type": "ECS"
              }
            ],
            "deployment_maximum_percent": 200,
            "deployment_minimum_healthy_percent": 100,
            "desired_count": 1,
            "enable_ecs_managed_tags": false,
            "enable_execute_command": false,
            "force_delete": null,
            "force_new_deployment": null,
            "health_check_grace_period_seconds": 0,
            "iam_role": "/aws-service-role/ecs.amazonaws.com/AWSServiceRoleForECS",
            "id": "arn:aws:ecs:us-west-2:341360363145:service/log-aggregator-dev-cluster/cpp-service",
            "launch_type": "FARGATE",
            "load_balancer": [],
            "name": "cpp-service",
            "network_configuration": [
              {
                "assign_public_ip": false,
                "security_groups": [
                  "sg-064d0c1a918223e60"
                ],
                "subnets": [
                  "subnet-02d08590963ecbdc3",
                  "subnet-08f46902e33986d5a"
                ]
              }
            ],
            "ordered_placement_strategy": [],
            "placement_constraints": [],
            "platform_version": "LATEST",
            "propagate_tags": "NONE",
            "scheduling_strategy": "REPLICA",
            "service_connect_configuration": [],
            "service_registries": [
              {
                "container_name": "",
                "container_port": 0,
                "port": 0,
                "registry_arn": "arn:aws:servicediscovery:us-west-2:341360363145:service/srv-afr2gioiestkhdgf"
              }
            ],
            "tags": {},
            "tags_all": {
              "Environment": "dev",
              "ManagedBy": "terraform",
              "Project": "log-aggregator"
            },
            "task_definition": "arn:aws:ecs:us-west-2:341360363145:task-definition/log-aggregator-dev-cpp-service:2",
            "timeouts": null,
            "triggers": {},
            "volume_configuration": [],
            "vpc_lattice_configurations": [],
            "wait_for_steady_state": false
          },
          "sensitive_attributes": [],
          "identity_schema_version": 0,
          "private": "eyJlMmJmYjczMC1lY2FhLTExZTYtOGY4OC0zNDM2M2JjN2M0YzAiOnsiY3JlYXRlIjoxMjAwMDAwMDAwMDAwLCJkZWxldGUiOjEyMDAwMDAwMDAwMDAsInVwZGF0ZSI6MTIwMDAwMDAwMDAwMH0sInNjaGVtYV92ZXJzaW9uIjoiMSJ9",
          "dependencies": [
            "aws_cloudwatch_log_group.ecs",
            "aws_ecr_repository.services",
            "aws_ecs_cluster.main",
            "aws_ecs_task_definition.cpp_service",
            "aws_iam_role.ecs_task",
            "aws_iam_role.ecs_task_execution",
            "aws_security_group.alb",
            "aws_security_group.ecs_services",
            "aws_service_discovery_private_dns_namespace.ecs",
            "aws_service_discovery_service.services",
            "aws_subnet.private",
            "aws_vpc.main",
            "data.aws_availability_zones.available",
            "data.aws_iam_policy_document.ecs_task_execution_assume_role"
          ]
        }
      ]
    },
    {
      "mode": "managed",
      "type": "aws_ecs_service",
      "name": "elasticsearch_indexer",
      "provider": "provider[\"registry.terraform.io/hashicorp/aws\"]",
      "instances": [
        {
          "schema_version": 1,
          "attributes": {
            "alarms": [],
            "availability_zone_rebalancing": "DISABLED",
            "capacity_provider_strategy": [],
            "cluster": "arn:aws:ecs:us-west-2:341360363145:cluster/log-aggregator-dev-cluster",
            "deployment_circuit_breaker": [
              {
                "enable": false,
                "rollback": false
              }
            ],
            "deployment_controller": [
              {
                "type": "ECS"
              }
            ],
            "deployment_maximum_percent": 200,
            "deployment_minimum_healthy_percent": 100,
            "desired_count": 1,
            "enable_ecs_managed_tags": false,
            "enable_execute_command": false,
            "force_delete": null,
            "force_new_deployment": null,
            "health_check_grace_period_seconds": 0,
            "iam_role": "/aws-service-role/ecs.amazonaws.com/AWSServiceRoleForECS",
            "id": "arn:aws:ecs:us-west-2:341360363145:service/log-aggregator-dev-cluster/elasticsearch-indexer",
            "launch_type": "FARGATE",
            "load_balancer": [],
            "name": "elasticsearch-indexer",
            "network_configuration": [
              {
                "assign_public_ip": false,
                "security_groups": [
                  "sg-064d0c1a918223e60"
                ],
                "subnets": [
                  "subnet-02d08590963ecbdc3",
                  "subnet-08f46902e33986d5a"
                ]
              }
            ],
            "ordered_placement_strategy": [],
            "placement_constraints": [],
            "platform_version": "LATEST",
            "propagate_tags": "NONE",
            "scheduling_strategy": "REPLICA",
            "service_connect_configuration": [],
            "service_registries": [
              {
                "container_name": "",
                "container_port": 0,
                "port": 0,
                "registry_arn": "arn:aws:servicediscovery:us-west-2:341360363145:service/srv-ydp5qsz26ebuwdfd"
              }
            ],
            "tags": {},
            "tags_all": {
              "Environment": "dev",
              "ManagedBy": "terraform",
              "Project": "log-aggregator"
            },
            "task_definition": "arn:aws:ecs:us-west-2:341360363145:task-definition/log-aggregator-dev-elasticsearch-indexer:3",
            "timeouts": null,
            "triggers": {},
            "volume_configuration": [],
            "vpc_lattice_configurations": [],
            "wait_for_steady_state": false
          },
          "sensitive_attributes": [],
          "identity_schema_version": 0,
          "private": "eyJlMmJmYjczMC1lY2FhLTExZTYtOGY4OC0zNDM2M2JjN2M0YzAiOnsiY3JlYXRlIjoxMjAwMDAwMDAwMDAwLCJkZWxldGUiOjEyMDAwMDAwMDAwMDAsInVwZGF0ZSI6MTIwMDAwMDAwMDAwMH0sInNjaGVtYV92ZXJzaW9uIjoiMSJ9",
          "dependencies": [
            "aws_cloudwatch_log_group.ecs",
            "aws_ecr_repository.services",
            "aws_ecs_cluster.main",
            "aws_ecs_task_definition.elasticsearch_indexer",
            "aws_iam_instance_profile.stateful_host",
            "aws_iam_role.ecs_task",
            "aws_iam_role.ecs_task_execution",
            "aws_iam_role.stateful_host",
            "aws_instance.stateful_host",
            "aws_security_group.alb",
            "aws_security_group.ecs_services",
            "aws_security_group.stateful_host",
            "aws_service_discovery_private_dns_namespace.ecs",
            "aws_service_discovery_service.services",
            "aws_subnet.private",
            "aws_vpc.main",
            "data.aws_availability_zones.available",
            "data.aws_iam_policy_document.ec2_assume_role",
            "data.aws_iam_policy_document.ecs_task_execution_assume_role",
            "data.aws_ssm_parameter.al2023_ami"
          ]
        }
      ]
    },
    {
      "mode": "managed",
      "type": "aws_ecs_service",
      "name": "go_service",
      "provider": "provider[\"registry.terraform.io/hashicorp/aws\"]",
      "instances": [
        {
          "schema_version": 1,
          "attributes": {
            "alarms": [],
            "availability_zone_rebalancing": "DISABLED",
            "capacity_provider_strategy": [],
            "cluster": "arn:aws:ecs:us-west-2:341360363145:cluster/log-aggregator-dev-cluster",
            "deployment_circuit_breaker": [
              {
                "enable": false,
                "rollback": false
              }
            ],
            "deployment_controller": [
              {
                "type": "ECS"
              }
            ],
            "deployment_maximum_percent": 200,
            "deployment_minimum_healthy_percent": 100,
            "desired_count": 1,
            "enable_ecs_managed_tags": false,
            "enable_execute_command": false,
            "force_delete": null,
            "force_new_deployment": null,
            "health_check_grace_period_seconds": 0,
            "iam_role": "/aws-service-role/ecs.amazonaws.com/AWSServiceRoleForECS",
            "id": "arn:aws:ecs:us-west-2:341360363145:service/log-aggregator-dev-cluster/go-service",
            "launch_type": "FARGATE",
            "load_balancer": [
              {
                "container_name": "go-service",
                "container_port": 8080,
                "elb_name": "",
                "target_group_arn": "arn:aws:elasticloadbalancing:us-west-2:341360363145:targetgroup/log-aggregator-dev-go-service/1812127972977879"
              }
            ],
            "name": "go-service",
            "network_configuration": [
              {
                "assign_public_ip": false,
                "security_groups": [
                  "sg-064d0c1a918223e60"
                ],
                "subnets": [
                  "subnet-02d08590963ecbdc3",
                  "subnet-08f46902e33986d5a"
                ]
              }
            ],
            "ordered_placement_strategy": [],
            "placement_constraints": [],
            "platform_version": "LATEST",
            "propagate_tags": "NONE",
            "scheduling_strategy": "REPLICA",
            "service_connect_configuration": [],
            "service_registries": [
              {
                "container_name": "",
                "container_port": 0,
                "port": 0,
                "registry_arn": "arn:aws:servicediscovery:us-west-2:341360363145:service/srv-ewvv4jam6il34q7b"
              }
            ],
            "tags": {},
            "tags_all": {
              "Environment": "dev",
              "ManagedBy": "terraform",
              "Project": "log-aggregator"
            },
            "task_definition": "arn:aws:ecs:us-west-2:341360363145:task-definition/log-aggregator-dev-go-service:2",
            "timeouts": null,
            "triggers": {},
            "volume_configuration": [],
            "vpc_lattice_configurations": [],
            "wait_for_steady_state": false
          },
          "sensitive_attributes": [],
          "identity_schema_version": 0,
          "private": "eyJlMmJmYjczMC1lY2FhLTExZTYtOGY4OC0zNDM2M2JjN2M0YzAiOnsiY3JlYXRlIjoxMjAwMDAwMDAwMDAwLCJkZWxldGUiOjEyMDAwMDAwMDAwMDAsInVwZGF0ZSI6MTIwMDAwMDAwMDAwMH0sInNjaGVtYV92ZXJzaW9uIjoiMSJ9",
          "dependencies": [
            "aws_cloudwatch_log_group.ecs",
            "aws_ecr_repository.services",
            "aws_ecs_cluster.main",
            "aws_ecs_task_definition.go_service",
            "aws_iam_role.ecs_task",
            "aws_iam_role.ecs_task_execution",
            "aws_lb.main",
            "aws_lb_listener.go_service",
            "aws_lb_target_group.go_service",
            "aws_security_group.alb",
            "aws_security_group.ecs_services",
            "aws_service_discovery_private_dns_namespace.ecs",
            "aws_service_discovery_service.services",
            "aws_subnet.private",
            "aws_subnet.public",
            "aws_vpc.main",
            "data.aws_availability_zones.available",
            "data.aws_iam_policy_document.ecs_task_execution_assume_role"
          ]
        }
      ]
    },
    {
      "mode": "managed",
      "type": "aws_ecs_service",
      "name": "java_service",
      "provider": "provider[\"registry.terraform.io/hashicorp/aws\"]",
      "instances": [
        {
          "schema_version": 1,
          "attributes": {
            "alarms": [],
            "availability_zone_rebalancing": "DISABLED",
            "capacity_provider_strategy": [],
            "cluster": "arn:aws:ecs:us-west-2:341360363145:cluster/log-aggregator-dev-cluster",
            "deployment_circuit_breaker": [
              {
                "enable": false,
                "rollback": false
              }
            ],
            "deployment_controller": [
              {
                "type": "ECS"
              }
            ],
            "deployment_maximum_percent": 200,
            "deployment_minimum_healthy_percent": 100,
            "desired_count": 1,
            "enable_ecs_managed_tags": false,
            "enable_execute_command": false,
            "force_delete": null,
            "force_new_deployment": null,
            "health_check_grace_period_seconds": 0,
            "iam_role": "/aws-service-role/ecs.amazonaws.com/AWSServiceRoleForECS",
            "id": "arn:aws:ecs:us-west-2:341360363145:service/log-aggregator-dev-cluster/java-service",
            "launch_type": "FARGATE",
            "load_balancer": [],
            "name": "java-service",
            "network_configuration": [
              {
                "assign_public_ip": false,
                "security_groups": [
                  "sg-064d0c1a918223e60"
                ],
                "subnets": [
                  "subnet-02d08590963ecbdc3",
                  "subnet-08f46902e33986d5a"
                ]
              }
            ],
            "ordered_placement_strategy": [],
            "placement_constraints": [],
            "platform_version": "LATEST",
            "propagate_tags": "NONE",
            "scheduling_strategy": "REPLICA",
            "service_connect_configuration": [],
            "service_registries": [
              {
                "container_name": "",
                "container_port": 0,
                "port": 0,
                "registry_arn": "arn:aws:servicediscovery:us-west-2:341360363145:service/srv-pjuphibomova3qd6"
              }
            ],
            "tags": {},
            "tags_all": {
              "Environment": "dev",
              "ManagedBy": "terraform",
              "Project": "log-aggregator"
            },
            "task_definition": "arn:aws:ecs:us-west-2:341360363145:task-definition/log-aggregator-dev-java-service:2",
            "timeouts": null,
            "triggers": {},
            "volume_configuration": [],
            "vpc_lattice_configurations": [],
            "wait_for_steady_state": false
          },
          "sensitive_attributes": [],
          "identity_schema_version": 0,
          "private": "eyJlMmJmYjczMC1lY2FhLTExZTYtOGY4OC0zNDM2M2JjN2M0YzAiOnsiY3JlYXRlIjoxMjAwMDAwMDAwMDAwLCJkZWxldGUiOjEyMDAwMDAwMDAwMDAsInVwZGF0ZSI6MTIwMDAwMDAwMDAwMH0sInNjaGVtYV92ZXJzaW9uIjoiMSJ9",
          "dependencies": [
            "aws_cloudwatch_log_group.ecs",
            "aws_ecr_repository.services",
            "aws_ecs_cluster.main",
            "aws_ecs_task_definition.java_service",
            "aws_iam_role.ecs_task",
            "aws_iam_role.ecs_task_execution",
            "aws_security_group.alb",
            "aws_security_group.ecs_services",
            "aws_service_discovery_private_dns_namespace.ecs",
            "aws_service_discovery_service.services",
            "aws_subnet.private",
            "aws_vpc.main",
            "data.aws_availability_zones.available",
            "data.aws_iam_policy_document.ecs_task_execution_assume_role"
          ]
        }
      ]
    },
    {
      "mode": "managed",
      "type": "aws_ecs_service",
      "name": "otel_collector",
      "provider": "provider[\"registry.terraform.io/hashicorp/aws\"]",
      "instances": [
        {
          "schema_version": 1,
          "attributes": {
            "alarms": [],
            "availability_zone_rebalancing": "DISABLED",
            "capacity_provider_strategy": [],
            "cluster": "arn:aws:ecs:us-west-2:341360363145:cluster/log-aggregator-dev-cluster",
            "deployment_circuit_breaker": [
              {
                "enable": false,
                "rollback": false
              }
            ],
            "deployment_controller": [
              {
                "type": "ECS"
              }
            ],
            "deployment_maximum_percent": 200,
            "deployment_minimum_healthy_percent": 100,
            "desired_count": 1,
            "enable_ecs_managed_tags": false,
            "enable_execute_command": false,
            "force_delete": null,
            "force_new_deployment": null,
            "health_check_grace_period_seconds": 0,
            "iam_role": "/aws-service-role/ecs.amazonaws.com/AWSServiceRoleForECS",
            "id": "arn:aws:ecs:us-west-2:341360363145:service/log-aggregator-dev-cluster/otel-collector",
            "launch_type": "FARGATE",
            "load_balancer": [],
            "name": "otel-collector",
            "network_configuration": [
              {
                "assign_public_ip": false,
                "security_groups": [
                  "sg-064d0c1a918223e60"
                ],
                "subnets": [
                  "subnet-02d08590963ecbdc3",
                  "subnet-08f46902e33986d5a"
                ]
              }
            ],
            "ordered_placement_strategy": [],
            "placement_constraints": [],
            "platform_version": "LATEST",
            "propagate_tags": "NONE",
            "scheduling_strategy": "REPLICA",
            "service_connect_configuration": [],
            "service_registries": [
              {
                "container_name": "",
                "container_port": 0,
                "port": 0,
                "registry_arn": "arn:aws:servicediscovery:us-west-2:341360363145:service/srv-6l275evxv5hdqv7p"
              }
            ],
            "tags": {},
            "tags_all": {
              "Environment": "dev",
              "ManagedBy": "terraform",
              "Project": "log-aggregator"
            },
            "task_definition": "arn:aws:ecs:us-west-2:341360363145:task-definition/log-aggregator-dev-otel-collector:2",
            "timeouts": null,
            "triggers": {},
            "volume_configuration": [],
            "vpc_lattice_configurations": [],
            "wait_for_steady_state": false
          },
          "sensitive_attributes": [],
          "identity_schema_version": 0,
          "private": "eyJlMmJmYjczMC1lY2FhLTExZTYtOGY4OC0zNDM2M2JjN2M0YzAiOnsiY3JlYXRlIjoxMjAwMDAwMDAwMDAwLCJkZWxldGUiOjEyMDAwMDAwMDAwMDAsInVwZGF0ZSI6MTIwMDAwMDAwMDAwMH0sInNjaGVtYV92ZXJzaW9uIjoiMSJ9",
          "dependencies": [
            "aws_cloudwatch_log_group.ecs",
            "aws_ecr_repository.services",
            "aws_ecs_cluster.main",
            "aws_ecs_task_definition.otel_collector",
            "aws_iam_role.ecs_task",
            "aws_iam_role.ecs_task_execution",
            "aws_security_group.alb",
            "aws_security_group.ecs_services",
            "aws_service_discovery_private_dns_namespace.ecs",
            "aws_service_discovery_service.services",
            "aws_subnet.private",
            "aws_vpc.main",
            "data.aws_availability_zones.available",
            "data.aws_iam_policy_document.ecs_task_execution_assume_role"
          ]
        }
      ]
    },
    {
      "mode": "managed",
      "type": "aws_ecs_service",
      "name": "ui_api",
      "provider": "provider[\"registry.terraform.io/hashicorp/aws\"]",
      "instances": [
        {
          "schema_version": 1,
          "attributes": {
            "alarms": [],
            "availability_zone_rebalancing": "DISABLED",
            "capacity_provider_strategy": [],
            "cluster": "arn:aws:ecs:us-west-2:341360363145:cluster/log-aggregator-dev-cluster",
            "deployment_circuit_breaker": [
              {
                "enable": false,
                "rollback": false
              }
            ],
            "deployment_controller": [
              {
                "type": "ECS"
              }
            ],
            "deployment_maximum_percent": 200,
            "deployment_minimum_healthy_percent": 100,
            "desired_count": 1,
            "enable_ecs_managed_tags": false,
            "enable_execute_command": false,
            "force_delete": null,
            "force_new_deployment": null,
            "health_check_grace_period_seconds": 0,
            "iam_role": "/aws-service-role/ecs.amazonaws.com/AWSServiceRoleForECS",
            "id": "arn:aws:ecs:us-west-2:341360363145:service/log-aggregator-dev-cluster/ui-api",
            "launch_type": "FARGATE",
            "load_balancer": [
              {
                "container_name": "ui-api",
                "container_port": 8000,
                "elb_name": "",
                "target_group_arn": "arn:aws:elasticloadbalancing:us-west-2:341360363145:targetgroup/log-aggregator-dev-ui-api/f761f6c42fe597c8"
              }
            ],
            "name": "ui-api",
            "network_configuration": [
              {
                "assign_public_ip": false,
                "security_groups": [
                  "sg-064d0c1a918223e60"
                ],
                "subnets": [
                  "subnet-02d08590963ecbdc3",
                  "subnet-08f46902e33986d5a"
                ]
              }
            ],
            "ordered_placement_strategy": [],
            "placement_constraints": [],
            "platform_version": "LATEST",
            "propagate_tags": "NONE",
            "scheduling_strategy": "REPLICA",
            "service_connect_configuration": [],
            "service_registries": [
              {
                "container_name": "",
                "container_port": 0,
                "port": 0,
                "registry_arn": "arn:aws:servicediscovery:us-west-2:341360363145:service/srv-7p4kagxo5sf6avis"
              }
            ],
            "tags": {},
            "tags_all": {
              "Environment": "dev",
              "ManagedBy": "terraform",
              "Project": "log-aggregator"
            },
            "task_definition": "arn:aws:ecs:us-west-2:341360363145:task-definition/log-aggregator-dev-ui-api:3",
            "timeouts": null,
            "triggers": {},
            "volume_configuration": [],
            "vpc_lattice_configurations": [],
            "wait_for_steady_state": false
          },
          "sensitive_attributes": [],
          "identity_schema_version": 0,
          "private": "eyJlMmJmYjczMC1lY2FhLTExZTYtOGY4OC0zNDM2M2JjN2M0YzAiOnsiY3JlYXRlIjoxMjAwMDAwMDAwMDAwLCJkZWxldGUiOjEyMDAwMDAwMDAwMDAsInVwZGF0ZSI6MTIwMDAwMDAwMDAwMH0sInNjaGVtYV92ZXJzaW9uIjoiMSJ9",
          "dependencies": [
            "aws_cloudwatch_log_group.ecs",
            "aws_ecr_repository.services",
            "aws_ecs_cluster.main",
            "aws_ecs_task_definition.ui_api",
            "aws_iam_instance_profile.stateful_host",
            "aws_iam_role.ecs_task",
            "aws_iam_role.ecs_task_execution",
            "aws_iam_role.stateful_host",
            "aws_instance.stateful_host",
            "aws_lb.main",
            "aws_lb_listener.ui_api",
            "aws_lb_target_group.ui_api",
            "aws_security_group.alb",
            "aws_security_group.ecs_services",
            "aws_security_group.stateful_host",
            "aws_service_discovery_private_dns_namespace.ecs",
            "aws_service_discovery_service.services",
            "aws_subnet.private",
            "aws_subnet.public",
            "aws_vpc.main",
            "data.aws_availability_zones.available",
            "data.aws_iam_policy_document.ec2_assume_role",
            "data.aws_iam_policy_document.ecs_task_execution_assume_role",
            "data.aws_ssm_parameter.al2023_ami"
          ]
        }
      ]
    },
    {
      "mode": "managed",
      "type": "aws_ecs_task_definition",
      "name": "cassandra_store",
      "provider": "provider[\"registry.terraform.io/hashicorp/aws\"]",
      "instances": [
        {
          "schema_version": 1,
          "attributes": {
            "arn": "arn:aws:ecs:us-west-2:341360363145:task-definition/log-aggregator-dev-cassandra-store:3",
            "arn_without_revision": "arn:aws:ecs:us-west-2:341360363145:task-definition/log-aggregator-dev-cassandra-store",
            "container_definitions": "[{\"command\":[\"python\",\"/app/store_to_cassandra.py\"],\"environment\":[{\"name\":\"CASSANDRA_CONTACT_POINTS\",\"value\":\"10.20.10.58\"},{\"name\":\"CASSANDRA_KEYSPACE\",\"value\":\"observability\"},{\"name\":\"CASSANDRA_TABLE\",\"value\":\"trace_events\"},{\"name\":\"KAFKA_BOOTSTRAP_SERVERS\",\"value\":\"10.20.10.58:9092\"},{\"name\":\"KAFKA_GROUP_ID\",\"value\":\"trace-cassandra-writer\"},{\"name\":\"KAFKA_TOPIC\",\"value\":\"otlp_spans\"}],\"essential\":true,\"image\":\"341360363145.dkr.ecr.us-west-2.amazonaws.com/log-aggregator/cassandra-store:latest\",\"logConfiguration\":{\"logDriver\":\"awslogs\",\"options\":{\"awslogs-stream-prefix\":\"cassandra-store\",\"awslogs-group\":\"/aws/ecs/log-aggregator-dev\",\"awslogs-region\":\"us-west-2\"}},\"mountPoints\":[],\"name\":\"cassandra-store\",\"portMappings\":[],\"systemControls\":[],\"volumesFrom\":[]}]",
            "cpu": "512",
            "enable_fault_injection": false,
            "ephemeral_storage": [],
            "execution_role_arn": "arn:aws:iam::341360363145:role/log-aggregator-dev-ecs-task-execution-role",
            "family": "log-aggregator-dev-cassandra-store",
            "id": "log-aggregator-dev-cassandra-store",
            "inference_accelerator": [],
            "ipc_mode": "",
            "memory": "1024",
            "network_mode": "awsvpc",
            "pid_mode": "",
            "placement_constraints": [],
            "proxy_configuration": [],
            "requires_compatibilities": [
              "FARGATE"
            ],
            "revision": 3,
            "runtime_platform": [
              {
                "cpu_architecture": "X86_64",
                "operating_system_family": "LINUX"
              }
            ],
            "skip_destroy": false,
            "tags": null,
            "tags_all": {
              "Environment": "dev",
              "ManagedBy": "terraform",
              "Project": "log-aggregator"
            },
            "task_role_arn": "arn:aws:iam::341360363145:role/log-aggregator-dev-ecs-task-role",
            "track_latest": false,
            "volume": []
          },
          "sensitive_attributes": [],
          "identity_schema_version": 0,
          "private": "eyJzY2hlbWFfdmVyc2lvbiI6IjEifQ==",
          "dependencies": [
            "aws_cloudwatch_log_group.ecs",
            "aws_ecr_repository.services",
            "aws_iam_instance_profile.stateful_host",
            "aws_iam_role.ecs_task",
            "aws_iam_role.ecs_task_execution",
            "aws_iam_role.stateful_host",
            "aws_instance.stateful_host",
            "aws_security_group.alb",
            "aws_security_group.ecs_services",
            "aws_security_group.stateful_host",
            "aws_subnet.private",
            "aws_vpc.main",
            "data.aws_availability_zones.available",
            "data.aws_iam_policy_document.ec2_assume_role",
            "data.aws_iam_policy_document.ecs_task_execution_assume_role",
            "data.aws_ssm_parameter.al2023_ami"
          ]
        }
      ]
    },
    {
      "mode": "managed",
      "type": "aws_ecs_task_definition",
      "name": "cpp_service",
      "provider": "provider[\"registry.terraform.io/hashicorp/aws\"]",
      "instances": [
        {
          "schema_version": 1,
          "attributes": {
            "arn": "arn:aws:ecs:us-west-2:341360363145:task-definition/log-aggregator-dev-cpp-service:2",
            "arn_without_revision": "arn:aws:ecs:us-west-2:341360363145:task-definition/log-aggregator-dev-cpp-service",
            "container_definitions": "[{\"environment\":[{\"name\":\"OTEL_EXPORTER_OTLP_TRACES_ENDPOINT\",\"value\":\"http://otel-collector.dev.log-aggregator.local:4318/v1/traces\"},{\"name\":\"PORT\",\"value\":\"8082\"}],\"essential\":true,\"image\":\"341360363145.dkr.ecr.us-west-2.amazonaws.com/log-aggregator/cpp-service:latest\",\"logConfiguration\":{\"logDriver\":\"awslogs\",\"options\":{\"awslogs-stream-prefix\":\"cpp-service\",\"awslogs-group\":\"/aws/ecs/log-aggregator-dev\",\"awslogs-region\":\"us-west-2\"}},\"mountPoints\":[],\"name\":\"cpp-service\",\"portMappings\":[{\"containerPort\":8082,\"hostPort\":8082,\"protocol\":\"tcp\"}],\"systemControls\":[],\"volumesFrom\":[]}]",
            "cpu": "512",
            "enable_fault_injection": false,
            "ephemeral_storage": [],
            "execution_role_arn": "arn:aws:iam::341360363145:role/log-aggregator-dev-ecs-task-execution-role",
            "family": "log-aggregator-dev-cpp-service",
            "id": "log-aggregator-dev-cpp-service",
            "inference_accelerator": [],
            "ipc_mode": "",
            "memory": "1024",
            "network_mode": "awsvpc",
            "pid_mode": "",
            "placement_constraints": [],
            "proxy_configuration": [],
            "requires_compatibilities": [
              "FARGATE"
            ],
            "revision": 2,
            "runtime_platform": [
              {
                "cpu_architecture": "X86_64",
                "operating_system_family": "LINUX"
              }
            ],
            "skip_destroy": false,
            "tags": {},
            "tags_all": {
              "Environment": "dev",
              "ManagedBy": "terraform",
              "Project": "log-aggregator"
            },
            "task_role_arn": "arn:aws:iam::341360363145:role/log-aggregator-dev-ecs-task-role",
            "track_latest": false,
            "volume": []
          },
          "sensitive_attributes": [],
          "identity_schema_version": 0,
          "private": "eyJzY2hlbWFfdmVyc2lvbiI6IjEifQ==",
          "dependencies": [
            "aws_cloudwatch_log_group.ecs",
            "aws_ecr_repository.services",
            "aws_iam_role.ecs_task",
            "aws_iam_role.ecs_task_execution",
            "aws_service_discovery_private_dns_namespace.ecs",
            "aws_vpc.main",
            "data.aws_iam_policy_document.ecs_task_execution_assume_role"
          ]
        }
      ]
    },
    {
      "mode": "managed",
      "type": "aws_ecs_task_definition",
      "name": "elasticsearch_indexer",
      "provider": "provider[\"registry.terraform.io/hashicorp/aws\"]",
      "instances": [
        {
          "schema_version": 1,
          "attributes": {
            "arn": "arn:aws:ecs:us-west-2:341360363145:task-definition/log-aggregator-dev-elasticsearch-indexer:3",
            "arn_without_revision": "arn:aws:ecs:us-west-2:341360363145:task-definition/log-aggregator-dev-elasticsearch-indexer",
            "container_definitions": "[{\"command\":[\"python\",\"/app/store_to_elasticsearch.py\"],\"environment\":[{\"name\":\"ELASTICSEARCH_INDEX\",\"value\":\"trace_spans\"},{\"name\":\"ELASTICSEARCH_URL\",\"value\":\"http://10.20.10.58:9200\"},{\"name\":\"KAFKA_BOOTSTRAP_SERVERS\",\"value\":\"10.20.10.58:9092\"},{\"name\":\"KAFKA_GROUP_ID\",\"value\":\"trace-elasticsearch-writer\"},{\"name\":\"KAFKA_TOPIC\",\"value\":\"otlp_spans\"}],\"essential\":true,\"image\":\"341360363145.dkr.ecr.us-west-2.amazonaws.com/log-aggregator/elasticsearch-indexer:latest\",\"logConfiguration\":{\"logDriver\":\"awslogs\",\"options\":{\"awslogs-stream-prefix\":\"elasticsearch-indexer\",\"awslogs-group\":\"/aws/ecs/log-aggregator-dev\",\"awslogs-region\":\"us-west-2\"}},\"mountPoints\":[],\"name\":\"elasticsearch-indexer\",\"portMappings\":[],\"systemControls\":[],\"volumesFrom\":[]}]",
            "cpu": "512",
            "enable_fault_injection": false,
            "ephemeral_storage": [],
            "execution_role_arn": "arn:aws:iam::341360363145:role/log-aggregator-dev-ecs-task-execution-role",
            "family": "log-aggregator-dev-elasticsearch-indexer",
            "id": "log-aggregator-dev-elasticsearch-indexer",
            "inference_accelerator": [],
            "ipc_mode": "",
            "memory": "1024",
            "network_mode": "awsvpc",
            "pid_mode": "",
            "placement_constraints": [],
            "proxy_configuration": [],
            "requires_compatibilities": [
              "FARGATE"
            ],
            "revision": 3,
            "runtime_platform": [
              {
                "cpu_architecture": "X86_64",
                "operating_system_family": "LINUX"
              }
            ],
            "skip_destroy": false,
            "tags": null,
            "tags_all": {
              "Environment": "dev",
              "ManagedBy": "terraform",
              "Project": "log-aggregator"
            },
            "task_role_arn": "arn:aws:iam::341360363145:role/log-aggregator-dev-ecs-task-role",
            "track_latest": false,
            "volume": []
          },
          "sensitive_attributes": [],
          "identity_schema_version": 0,
          "private": "eyJzY2hlbWFfdmVyc2lvbiI6IjEifQ==",
          "dependencies": [
            "aws_cloudwatch_log_group.ecs",
            "aws_ecr_repository.services",
            "aws_iam_instance_profile.stateful_host",
            "aws_iam_role.ecs_task",
            "aws_iam_role.ecs_task_execution",
            "aws_iam_role.stateful_host",
            "aws_instance.stateful_host",
            "aws_security_group.alb",
            "aws_security_group.ecs_services",
            "aws_security_group.stateful_host",
            "aws_subnet.private",
            "aws_vpc.main",
            "data.aws_availability_zones.available",
            "data.aws_iam_policy_document.ec2_assume_role",
            "data.aws_iam_policy_document.ecs_task_execution_assume_role",
            "data.aws_ssm_parameter.al2023_ami"
          ]
        }
      ]
    },
    {
      "mode": "managed",
      "type": "aws_ecs_task_definition",
      "name": "go_service",
      "provider": "provider[\"registry.terraform.io/hashicorp/aws\"]",
      "instances": [
        {
          "schema_version": 1,
          "attributes": {
            "arn": "arn:aws:ecs:us-west-2:341360363145:task-definition/log-aggregator-dev-go-service:2",
            "arn_without_revision": "arn:aws:ecs:us-west-2:341360363145:task-definition/log-aggregator-dev-go-service",
            "container_definitions": "[{\"environment\":[{\"name\":\"JAVA_SERVICE_URL\",\"value\":\"http://java-service.dev.log-aggregator.local:8081/\"},{\"name\":\"OTEL_EXPORTER_OTLP_ENDPOINT\",\"value\":\"otel-collector.dev.log-aggregator.local:4317\"},{\"name\":\"OTEL_SERVICE_NAME\",\"value\":\"go-service\"},{\"name\":\"PORT\",\"value\":\"8080\"}],\"essential\":true,\"image\":\"341360363145.dkr.ecr.us-west-2.amazonaws.com/log-aggregator/go-service:latest\",\"logConfiguration\":{\"logDriver\":\"awslogs\",\"options\":{\"awslogs-stream-prefix\":\"go-service\",\"awslogs-group\":\"/aws/ecs/log-aggregator-dev\",\"awslogs-region\":\"us-west-2\"}},\"mountPoints\":[],\"name\":\"go-service\",\"portMappings\":[{\"containerPort\":8080,\"hostPort\":8080,\"protocol\":\"tcp\"}],\"systemControls\":[],\"volumesFrom\":[]}]",
            "cpu": "512",
            "enable_fault_injection": false,
            "ephemeral_storage": [],
            "execution_role_arn": "arn:aws:iam::341360363145:role/log-aggregator-dev-ecs-task-execution-role",
            "family": "log-aggregator-dev-go-service",
            "id": "log-aggregator-dev-go-service",
            "inference_accelerator": [],
            "ipc_mode": "",
            "memory": "1024",
            "network_mode": "awsvpc",
            "pid_mode": "",
            "placement_constraints": [],
            "proxy_configuration": [],
            "requires_compatibilities": [
              "FARGATE"
            ],
            "revision": 2,
            "runtime_platform": [
              {
                "cpu_architecture": "X86_64",
                "operating_system_family": "LINUX"
              }
            ],
            "skip_destroy": false,
            "tags": {},
            "tags_all": {
              "Environment": "dev",
              "ManagedBy": "terraform",
              "Project": "log-aggregator"
            },
            "task_role_arn": "arn:aws:iam::341360363145:role/log-aggregator-dev-ecs-task-role",
            "track_latest": false,
            "volume": []
          },
          "sensitive_attributes": [],
          "identity_schema_version": 0,
          "private": "eyJzY2hlbWFfdmVyc2lvbiI6IjEifQ==",
          "dependencies": [
            "aws_cloudwatch_log_group.ecs",
            "aws_ecr_repository.services",
            "aws_iam_role.ecs_task",
            "aws_iam_role.ecs_task_execution",
            "aws_service_discovery_private_dns_namespace.ecs",
            "aws_vpc.main",
            "data.aws_iam_policy_document.ecs_task_execution_assume_role"
          ]
        }
      ]
    },
    {
      "mode": "managed",
      "type": "aws_ecs_task_definition",
      "name": "java_service",
      "provider": "provider[\"registry.terraform.io/hashicorp/aws\"]",
      "instances": [
        {
          "schema_version": 1,
          "attributes": {
            "arn": "arn:aws:ecs:us-west-2:341360363145:task-definition/log-aggregator-dev-java-service:2",
            "arn_without_revision": "arn:aws:ecs:us-west-2:341360363145:task-definition/log-aggregator-dev-java-service",
            "container_definitions": "[{\"environment\":[{\"name\":\"CPP_SERVICE_URL\",\"value\":\"http://cpp-service.dev.log-aggregator.local:8082/\"},{\"name\":\"OTEL_EXPORTER_OTLP_ENDPOINT\",\"value\":\"http://otel-collector.dev.log-aggregator.local:4318\"},{\"name\":\"OTEL_EXPORTER_OTLP_PROTOCOL\",\"value\":\"http/protobuf\"},{\"name\":\"OTEL_LOGS_EXPORTER\",\"value\":\"none\"},{\"name\":\"OTEL_METRICS_EXPORTER\",\"value\":\"otlp\"},{\"name\":\"OTEL_SERVICE_NAME\",\"value\":\"java-service\"},{\"name\":\"OTEL_TRACES_EXPORTER\",\"value\":\"otlp\"},{\"name\":\"SERVER_PORT\",\"value\":\"8081\"}],\"essential\":true,\"image\":\"341360363145.dkr.ecr.us-west-2.amazonaws.com/log-aggregator/java-service:latest\",\"logConfiguration\":{\"logDriver\":\"awslogs\",\"options\":{\"awslogs-group\":\"/aws/ecs/log-aggregator-dev\",\"awslogs-region\":\"us-west-2\",\"awslogs-stream-prefix\":\"java-service\"}},\"mountPoints\":[],\"name\":\"java-service\",\"portMappings\":[{\"containerPort\":8081,\"hostPort\":8081,\"protocol\":\"tcp\"}],\"systemControls\":[],\"volumesFrom\":[]}]",
            "cpu": "512",
            "enable_fault_injection": false,
            "ephemeral_storage": [],
            "execution_role_arn": "arn:aws:iam::341360363145:role/log-aggregator-dev-ecs-task-execution-role",
            "family": "log-aggregator-dev-java-service",
            "id": "log-aggregator-dev-java-service",
            "inference_accelerator": [],
            "ipc_mode": "",
            "memory": "1024",
            "network_mode": "awsvpc",
            "pid_mode": "",
            "placement_constraints": [],
            "proxy_configuration": [],
            "requires_compatibilities": [
              "FARGATE"
            ],
            "revision": 2,
            "runtime_platform": [
              {
                "cpu_architecture": "X86_64",
                "operating_system_family": "LINUX"
              }
            ],
            "skip_destroy": false,
            "tags": {},
            "tags_all": {
              "Environment": "dev",
              "ManagedBy": "terraform",
              "Project": "log-aggregator"
            },
            "task_role_arn": "arn:aws:iam::341360363145:role/log-aggregator-dev-ecs-task-role",
            "track_latest": false,
            "volume": []
          },
          "sensitive_attributes": [],
          "identity_schema_version": 0,
          "private": "eyJzY2hlbWFfdmVyc2lvbiI6IjEifQ==",
          "dependencies": [
            "aws_cloudwatch_log_group.ecs",
            "aws_ecr_repository.services",
            "aws_iam_role.ecs_task",
            "aws_iam_role.ecs_task_execution",
            "aws_service_discovery_private_dns_namespace.ecs",
            "aws_vpc.main",
            "data.aws_iam_policy_document.ecs_task_execution_assume_role"
          ]
        }
      ]
    },
    {
      "mode": "managed",
      "type": "aws_ecs_task_definition",
      "name": "otel_collector",
      "provider": "provider[\"registry.terraform.io/hashicorp/aws\"]",
      "instances": [
        {
          "schema_version": 1,
          "attributes": {
            "arn": "arn:aws:ecs:us-west-2:341360363145:task-definition/log-aggregator-dev-otel-collector:2",
            "arn_without_revision": "arn:aws:ecs:us-west-2:341360363145:task-definition/log-aggregator-dev-otel-collector",
            "container_definitions": "[{\"environment\":[],\"essential\":true,\"image\":\"341360363145.dkr.ecr.us-west-2.amazonaws.com/log-aggregator/otel-collector:latest\",\"logConfiguration\":{\"logDriver\":\"awslogs\",\"options\":{\"awslogs-region\":\"us-west-2\",\"awslogs-stream-prefix\":\"otel-collector\",\"awslogs-group\":\"/aws/ecs/log-aggregator-dev\"}},\"mountPoints\":[],\"name\":\"otel-collector\",\"portMappings\":[{\"containerPort\":4317,\"hostPort\":4317,\"protocol\":\"tcp\"},{\"containerPort\":4318,\"hostPort\":4318,\"protocol\":\"tcp\"}],\"systemControls\":[],\"volumesFrom\":[]}]",
            "cpu": "512",
            "enable_fault_injection": false,
            "ephemeral_storage": [],
            "execution_role_arn": "arn:aws:iam::341360363145:role/log-aggregator-dev-ecs-task-execution-role",
            "family": "log-aggregator-dev-otel-collector",
            "id": "log-aggregator-dev-otel-collector",
            "inference_accelerator": [],
            "ipc_mode": "",
            "memory": "1024",
            "network_mode": "awsvpc",
            "pid_mode": "",
            "placement_constraints": [],
            "proxy_configuration": [],
            "requires_compatibilities": [
              "FARGATE"
            ],
            "revision": 2,
            "runtime_platform": [
              {
                "cpu_architecture": "X86_64",
                "operating_system_family": "LINUX"
              }
            ],
            "skip_destroy": false,
            "tags": {},
            "tags_all": {
              "Environment": "dev",
              "ManagedBy": "terraform",
              "Project": "log-aggregator"
            },
            "task_role_arn": "arn:aws:iam::341360363145:role/log-aggregator-dev-ecs-task-role",
            "track_latest": false,
            "volume": []
          },
          "sensitive_attributes": [],
          "identity_schema_version": 0,
          "private": "eyJzY2hlbWFfdmVyc2lvbiI6IjEifQ==",
          "dependencies": [
            "aws_cloudwatch_log_group.ecs",
            "aws_ecr_repository.services",
            "aws_iam_role.ecs_task",
            "aws_iam_role.ecs_task_execution",
            "data.aws_iam_policy_document.ecs_task_execution_assume_role"
          ]
        }
      ]
    },
    {
      "mode": "managed",
      "type": "aws_ecs_task_definition",
      "name": "ui_api",
      "provider": "provider[\"registry.terraform.io/hashicorp/aws\"]",
      "instances": [
        {
          "schema_version": 1,
          "attributes": {
            "arn": "arn:aws:ecs:us-west-2:341360363145:task-definition/log-aggregator-dev-ui-api:3",
            "arn_without_revision": "arn:aws:ecs:us-west-2:341360363145:task-definition/log-aggregator-dev-ui-api",
            "container_definitions": "[{\"environment\":[{\"name\":\"AI_CONTEXT_LIMIT\",\"value\":\"8\"},{\"name\":\"CASSANDRA_CONTACT_POINTS\",\"value\":\"10.20.10.58\"},{\"name\":\"CASSANDRA_KEYSPACE\",\"value\":\"observability\"},{\"name\":\"ELASTICSEARCH_INDEX\",\"value\":\"trace_spans\"},{\"name\":\"ELASTICSEARCH_URL\",\"value\":\"http://10.20.10.58:9200\"},{\"name\":\"OPENAI_API_KEY\",\"value\":\"ollama\"},{\"name\":\"OPENAI_BASE_URL\",\"value\":\"http://10.20.10.58:11434/v1\"},{\"name\":\"OPENAI_MODEL\",\"value\":\"gemma3:270m\"},{\"name\":\"SEARCH_LIMIT\",\"value\":\"30\"}],\"essential\":true,\"image\":\"341360363145.dkr.ecr.us-west-2.amazonaws.com/log-aggregator/ui-api:latest\",\"logConfiguration\":{\"logDriver\":\"awslogs\",\"options\":{\"awslogs-group\":\"/aws/ecs/log-aggregator-dev\",\"awslogs-region\":\"us-west-2\",\"awslogs-stream-prefix\":\"ui-api\"}},\"mountPoints\":[],\"name\":\"ui-api\",\"portMappings\":[{\"containerPort\":8000,\"hostPort\":8000,\"protocol\":\"tcp\"}],\"systemControls\":[],\"volumesFrom\":[]}]",
            "cpu": "512",
            "enable_fault_injection": false,
            "ephemeral_storage": [],
            "execution_role_arn": "arn:aws:iam::341360363145:role/log-aggregator-dev-ecs-task-execution-role",
            "family": "log-aggregator-dev-ui-api",
            "id": "log-aggregator-dev-ui-api",
            "inference_accelerator": [],
            "ipc_mode": "",
            "memory": "1024",
            "network_mode": "awsvpc",
            "pid_mode": "",
            "placement_constraints": [],
            "proxy_configuration": [],
            "requires_compatibilities": [
              "FARGATE"
            ],
            "revision": 3,
            "runtime_platform": [
              {
                "cpu_architecture": "X86_64",
                "operating_system_family": "LINUX"
              }
            ],
            "skip_destroy": false,
            "tags": null,
            "tags_all": {
              "Environment": "dev",
              "ManagedBy": "terraform",
              "Project": "log-aggregator"
            },
            "task_role_arn": "arn:aws:iam::341360363145:role/log-aggregator-dev-ecs-task-role",
            "track_latest": false,
            "volume": []
          },
          "sensitive_attributes": [],
          "identity_schema_version": 0,
          "private": "eyJzY2hlbWFfdmVyc2lvbiI6IjEifQ==",
          "dependencies": [
            "aws_cloudwatch_log_group.ecs",
            "aws_ecr_repository.services",
            "aws_iam_instance_profile.stateful_host",
            "aws_iam_role.ecs_task",
            "aws_iam_role.ecs_task_execution",
            "aws_iam_role.stateful_host",
            "aws_instance.stateful_host",
            "aws_security_group.alb",
            "aws_security_group.ecs_services",
            "aws_security_group.stateful_host",
            "aws_subnet.private",
            "aws_vpc.main",
            "data.aws_availability_zones.available",
            "data.aws_iam_policy_document.ec2_assume_role",
            "data.aws_iam_policy_document.ecs_task_execution_assume_role",
            "data.aws_ssm_parameter.al2023_ami"
          ]
        }
      ]
    },
    {
      "mode": "managed",
      "type": "aws_eip",
      "name": "nat",
      "provider": "provider[\"registry.terraform.io/hashicorp/aws\"]",
      "instances": [
        {
          "schema_version": 0,
          "attributes": {
            "address": null,
            "allocation_id": "eipalloc-06e47c03b5ac746bc",
            "arn": "arn:aws:ec2:us-west-2:341360363145:elastic-ip/eipalloc-06e47c03b5ac746bc",
            "associate_with_private_ip": null,
            "association_id": "eipassoc-00cddbfb3ac2f9fd4",
            "carrier_ip": "",
            "customer_owned_ip": "",
            "customer_owned_ipv4_pool": "",
            "domain": "vpc",
            "id": "eipalloc-06e47c03b5ac746bc",
            "instance": "",
            "ipam_pool_id": null,
            "network_border_group": "us-west-2",
            "network_interface": "eni-068879ec82b61f77e",
            "private_dns": "ip-10-20-0-85.us-west-2.compute.internal",
            "private_ip": "10.20.0.85",
            "ptr_record": "",
            "public_dns": "ec2-52-25-48-254.us-west-2.compute.amazonaws.com",
            "public_ip": "52.25.48.254",
            "public_ipv4_pool": "amazon",
            "tags": {
              "Name": "log-aggregator-dev-nat-eip"
            },
            "tags_all": {
              "Environment": "dev",
              "ManagedBy": "terraform",
              "Name": "log-aggregator-dev-nat-eip",
              "Project": "log-aggregator"
            },
            "timeouts": null,
            "vpc": true
          },
          "sensitive_attributes": [],
          "identity_schema_version": 0,
          "private": "eyJlMmJmYjczMC1lY2FhLTExZTYtOGY4OC0zNDM2M2JjN2M0YzAiOnsiZGVsZXRlIjoxODAwMDAwMDAwMDAsInJlYWQiOjkwMDAwMDAwMDAwMCwidXBkYXRlIjozMDAwMDAwMDAwMDB9fQ=="
        }
      ]
    },
    {
      "mode": "managed",
      "type": "aws_iam_instance_profile",
      "name": "stateful_host",
      "provider": "provider[\"registry.terraform.io/hashicorp/aws\"]",
      "instances": [
        {
          "schema_version": 0,
          "attributes": {
            "arn": "arn:aws:iam::341360363145:instance-profile/log-aggregator-dev-stateful-profile",
            "create_date": "2026-03-23T17:55:05Z",
            "id": "log-aggregator-dev-stateful-profile",
            "name": "log-aggregator-dev-stateful-profile",
            "name_prefix": "",
            "path": "/",
            "role": "log-aggregator-dev-stateful-ec2-role",
            "tags": {},
            "tags_all": {
              "Environment": "dev",
              "ManagedBy": "terraform",
              "Project": "log-aggregator"
            },
            "unique_id": "AIPAU66VJY2EUEXOARSYU"
          },
          "sensitive_attributes": [],
          "identity_schema_version": 0,
          "private": "bnVsbA==",
          "dependencies": [
            "aws_iam_role.stateful_host",
            "data.aws_iam_policy_document.ec2_assume_role"
          ]
        }
      ]
    },
    {
      "mode": "managed",
      "type": "aws_iam_role",
      "name": "ecs_task",
      "provider": "provider[\"registry.terraform.io/hashicorp/aws\"]",
      "instances": [
        {
          "schema_version": 0,
          "attributes": {
            "arn": "arn:aws:iam::341360363145:role/log-aggregator-dev-ecs-task-role",
            "assume_role_policy": "{\"Statement\":[{\"Action\":\"sts:AssumeRole\",\"Effect\":\"Allow\",\"Principal\":{\"Service\":\"ecs-tasks.amazonaws.com\"}}],\"Version\":\"2012-10-17\"}",
            "create_date": "2026-03-23T17:55:04Z",
            "description": "",
            "force_detach_policies": false,
            "id": "log-aggregator-dev-ecs-task-role",
            "inline_policy": [],
            "managed_policy_arns": [],
            "max_session_duration": 3600,
            "name": "log-aggregator-dev-ecs-task-role",
            "name_prefix": "",
            "path": "/",
            "permissions_boundary": "",
            "tags": {},
            "tags_all": {
              "Environment": "dev",
              "ManagedBy": "terraform",
              "Project": "log-aggregator"
            },
            "unique_id": "AROAU66VJY2EXYI2BQ2FQ"
          },
          "sensitive_attributes": [],
          "identity_schema_version": 0,
          "private": "bnVsbA==",
          "dependencies": [
            "data.aws_iam_policy_document.ecs_task_execution_assume_role"
          ]
        }
      ]
    },
    {
      "mode": "managed",
      "type": "aws_iam_role",
      "name": "ecs_task_execution",
      "provider": "provider[\"registry.terraform.io/hashicorp/aws\"]",
      "instances": [
        {
          "schema_version": 0,
          "attributes": {
            "arn": "arn:aws:iam::341360363145:role/log-aggregator-dev-ecs-task-execution-role",
            "assume_role_policy": "{\"Statement\":[{\"Action\":\"sts:AssumeRole\",\"Effect\":\"Allow\",\"Principal\":{\"Service\":\"ecs-tasks.amazonaws.com\"}}],\"Version\":\"2012-10-17\"}",
            "create_date": "2026-03-23T17:55:04Z",
            "description": "",
            "force_detach_policies": false,
            "id": "log-aggregator-dev-ecs-task-execution-role",
            "inline_policy": [],
            "managed_policy_arns": [
              "arn:aws:iam::aws:policy/service-role/AmazonECSTaskExecutionRolePolicy"
            ],
            "max_session_duration": 3600,
            "name": "log-aggregator-dev-ecs-task-execution-role",
            "name_prefix": "",
            "path": "/",
            "permissions_boundary": "",
            "tags": {},
            "tags_all": {
              "Environment": "dev",
              "ManagedBy": "terraform",
              "Project": "log-aggregator"
            },
            "unique_id": "AROAU66VJY2EY5WXL4PVZ"
          },
          "sensitive_attributes": [],
          "identity_schema_version": 0,
          "private": "bnVsbA==",
          "dependencies": [
            "data.aws_iam_policy_document.ecs_task_execution_assume_role"
          ]
        }
      ]
    },
    {
      "mode": "managed",
      "type": "aws_iam_role",
      "name": "stateful_host",
      "provider": "provider[\"registry.terraform.io/hashicorp/aws\"]",
      "instances": [
        {
          "schema_version": 0,
          "attributes": {
            "arn": "arn:aws:iam::341360363145:role/log-aggregator-dev-stateful-ec2-role",
            "assume_role_policy": "{\"Statement\":[{\"Action\":\"sts:AssumeRole\",\"Effect\":\"Allow\",\"Principal\":{\"Service\":\"ec2.amazonaws.com\"}}],\"Version\":\"2012-10-17\"}",
            "create_date": "2026-03-23T17:55:04Z",
            "description": "",
            "force_detach_policies": false,
            "id": "log-aggregator-dev-stateful-ec2-role",
            "inline_policy": [],
            "managed_policy_arns": [
              "arn:aws:iam::aws:policy/AmazonSSMManagedInstanceCore"
            ],
            "max_session_duration": 3600,
            "name": "log-aggregator-dev-stateful-ec2-role",
            "name_prefix": "",
            "path": "/",
            "permissions_boundary": "",
            "tags": {},
            "tags_all": {
              "Environment": "dev",
              "ManagedBy": "terraform",
              "Project": "log-aggregator"
            },
            "unique_id": "AROAU66VJY2E5YFQDAT3J"
          },
          "sensitive_attributes": [],
          "identity_schema_version": 0,
          "private": "bnVsbA==",
          "dependencies": [
            "data.aws_iam_policy_document.ec2_assume_role"
          ]
        }
      ]
    },
    {
      "mode": "managed",
      "type": "aws_iam_role_policy_attachment",
      "name": "ecs_task_execution",
      "provider": "provider[\"registry.terraform.io/hashicorp/aws\"]",
      "instances": [
        {
          "schema_version": 0,
          "attributes": {
            "id": "log-aggregator-dev-ecs-task-execution-role-20260323175505339400000002",
            "policy_arn": "arn:aws:iam::aws:policy/service-role/AmazonECSTaskExecutionRolePolicy",
            "role": "log-aggregator-dev-ecs-task-execution-role"
          },
          "sensitive_attributes": [],
          "identity_schema_version": 0,
          "private": "bnVsbA==",
          "dependencies": [
            "aws_iam_role.ecs_task_execution",
            "data.aws_iam_policy_document.ecs_task_execution_assume_role"
          ]
        }
      ]
    },
    {
      "mode": "managed",
      "type": "aws_iam_role_policy_attachment",
      "name": "stateful_ssm",
      "provider": "provider[\"registry.terraform.io/hashicorp/aws\"]",
      "instances": [
        {
          "schema_version": 0,
          "attributes": {
            "id": "log-aggregator-dev-stateful-ec2-role-20260323175505310600000001",
            "policy_arn": "arn:aws:iam::aws:policy/AmazonSSMManagedInstanceCore",
            "role": "log-aggregator-dev-stateful-ec2-role"
          },
          "sensitive_attributes": [],
          "identity_schema_version": 0,
          "private": "bnVsbA==",
          "dependencies": [
            "aws_iam_role.stateful_host",
            "data.aws_iam_policy_document.ec2_assume_role"
          ]
        }
      ]
    },
    {
      "mode": "managed",
      "type": "aws_instance",
      "name": "stateful_host",
      "provider": "provider[\"registry.terraform.io/hashicorp/aws\"]",
      "instances": [
        {
          "schema_version": 1,
          "attributes": {
            "ami": "ami-03caad32a158f72db",
            "arn": "arn:aws:ec2:us-west-2:341360363145:instance/i-06939197b2d3106d6",
            "associate_public_ip_address": false,
            "availability_zone": "us-west-2a",
            "capacity_reservation_specification": [
              {
                "capacity_reservation_preference": "open",
                "capacity_reservation_target": []
              }
            ],
            "cpu_core_count": 1,
            "cpu_options": [
              {
                "amd_sev_snp": "",
                "core_count": 1,
                "threads_per_core": 2
              }
            ],
            "cpu_threads_per_core": 2,
            "credit_specification": [
              {
                "cpu_credits": "unlimited"
              }
            ],
            "disable_api_stop": false,
            "disable_api_termination": false,
            "ebs_block_device": [],
            "ebs_optimized": false,
            "enable_primary_ipv6": null,
            "enclave_options": [
              {
                "enabled": false
              }
            ],
            "ephemeral_block_device": [],
            "get_password_data": false,
            "hibernation": false,
            "host_id": "",
            "host_resource_group_arn": null,
            "iam_instance_profile": "log-aggregator-dev-stateful-profile",
            "id": "i-06939197b2d3106d6",
            "instance_initiated_shutdown_behavior": "stop",
            "instance_lifecycle": "",
            "instance_market_options": [],
            "instance_state": "running",
            "instance_type": "t3.small",
            "ipv6_address_count": 0,
            "ipv6_addresses": [],
            "key_name": "",
            "launch_template": [],
            "maintenance_options": [
              {
                "auto_recovery": "default"
              }
            ],
            "metadata_options": [
              {
                "http_endpoint": "enabled",
                "http_protocol_ipv6": "disabled",
                "http_put_response_hop_limit": 2,
                "http_tokens": "required",
                "instance_metadata_tags": "disabled"
              }
            ],
            "monitoring": false,
            "network_interface": [],
            "outpost_arn": "",
            "password_data": "",
            "placement_group": "",
            "placement_partition_number": 0,
            "primary_network_interface_id": "eni-09e6a5cd3d2ecd48d",
            "private_dns": "ip-10-20-10-58.us-west-2.compute.internal",
            "private_dns_name_options": [
              {
                "enable_resource_name_dns_a_record": false,
                "enable_resource_name_dns_aaaa_record": false,
                "hostname_type": "ip-name"
              }
            ],
            "private_ip": "10.20.10.58",
            "public_dns": "",
            "public_ip": "",
            "root_block_device": [
              {
                "delete_on_termination": true,
                "device_name": "/dev/xvda",
                "encrypted": true,
                "iops": 3000,
                "kms_key_id": "arn:aws:kms:us-west-2:341360363145:key/d41b32c3-68d0-48c0-88a6-263d20ab9311",
                "tags": null,
                "tags_all": {
                  "Environment": "dev",
                  "ManagedBy": "terraform",
                  "Project": "log-aggregator"
                },
                "throughput": 125,
                "volume_id": "vol-0ef83483e86af9593",
                "volume_size": 100,
                "volume_type": "gp3"
              }
            ],
            "secondary_private_ips": [],
            "security_groups": [],
            "source_dest_check": true,
            "spot_instance_request_id": "",
            "subnet_id": "subnet-08f46902e33986d5a",
            "tags": {
              "BootstrapVersion": "v2",
              "Name": "log-aggregator-dev-stateful-host",
              "Role": "stateful"
            },
            "tags_all": {
              "BootstrapVersion": "v2",
              "Environment": "dev",
              "ManagedBy": "terraform",
              "Name": "log-aggregator-dev-stateful-host",
              "Project": "log-aggregator",
              "Role": "stateful"
            },
            "tenancy": "default",
            "timeouts": null,
            "user_data": "d0821913dac8283246da999516b7405cbba25dd0",
            "user_data_base64": null,
            "user_data_replace_on_change": false,
            "volume_tags": null,
            "vpc_security_group_ids": [
              "sg-0cf640c6d8a031659"
            ]
          },
          "sensitive_attributes": [
            [
              {
                "type": "get_attr",
                "value": "ami"
              }
            ]
          ],
          "identity_schema_version": 0,
          "private": "eyJlMmJmYjczMC1lY2FhLTExZTYtOGY4OC0zNDM2M2JjN2M0YzAiOnsiY3JlYXRlIjo2MDAwMDAwMDAwMDAsImRlbGV0ZSI6MTIwMDAwMDAwMDAwMCwicmVhZCI6OTAwMDAwMDAwMDAwLCJ1cGRhdGUiOjYwMDAwMDAwMDAwMH0sInNjaGVtYV92ZXJzaW9uIjoiMSJ9",
          "dependencies": [
            "aws_iam_instance_profile.stateful_host",
            "aws_iam_role.stateful_host",
            "aws_security_group.alb",
            "aws_security_group.ecs_services",
            "aws_security_group.stateful_host",
            "aws_subnet.private",
            "aws_vpc.main",
            "data.aws_availability_zones.available",
            "data.aws_iam_policy_document.ec2_assume_role",
            "data.aws_ssm_parameter.al2023_ami"
          ]
        }
      ]
    },
    {
      "mode": "managed",
      "type": "aws_internet_gateway",
      "name": "main",
      "provider": "provider[\"registry.terraform.io/hashicorp/aws\"]",
      "instances": [
        {
          "schema_version": 0,
          "attributes": {
            "arn": "arn:aws:ec2:us-west-2:341360363145:internet-gateway/igw-07e57ea8629148219",
            "id": "igw-07e57ea8629148219",
            "owner_id": "341360363145",
            "tags": {
              "Name": "log-aggregator-dev-igw"
            },
            "tags_all": {
              "Environment": "dev",
              "ManagedBy": "terraform",
              "Name": "log-aggregator-dev-igw",
              "Project": "log-aggregator"
            },
            "timeouts": null,
            "vpc_id": "vpc-057651851869862ea"
          },
          "sensitive_attributes": [],
          "identity_schema_version": 0,
          "private": "eyJlMmJmYjczMC1lY2FhLTExZTYtOGY4OC0zNDM2M2JjN2M0YzAiOnsiY3JlYXRlIjoxMjAwMDAwMDAwMDAwLCJkZWxldGUiOjEyMDAwMDAwMDAwMDAsInVwZGF0ZSI6MTIwMDAwMDAwMDAwMH19",
          "dependencies": [
            "aws_vpc.main"
          ]
        }
      ]
    },
    {
      "mode": "managed",
      "type": "aws_lb",
      "name": "main",
      "provider": "provider[\"registry.terraform.io/hashicorp/aws\"]",
      "instances": [
        {
          "schema_version": 0,
          "attributes": {
            "access_logs": [
              {
                "bucket": "",
                "enabled": false,
                "prefix": ""
              }
            ],
            "arn": "arn:aws:elasticloadbalancing:us-west-2:341360363145:loadbalancer/app/log-aggregator-dev-alb/90a89ab94ece4e2f",
            "arn_suffix": "app/log-aggregator-dev-alb/90a89ab94ece4e2f",
            "client_keep_alive": 3600,
            "connection_logs": [
              {
                "bucket": "",
                "enabled": false,
                "prefix": ""
              }
            ],
            "customer_owned_ipv4_pool": "",
            "desync_mitigation_mode": "defensive",
            "dns_name": "log-aggregator-dev-alb-147368895.us-west-2.elb.amazonaws.com",
            "dns_record_client_routing_policy": null,
            "drop_invalid_header_fields": false,
            "enable_cross_zone_load_balancing": true,
            "enable_deletion_protection": false,
            "enable_http2": true,
            "enable_tls_version_and_cipher_suite_headers": false,
            "enable_waf_fail_open": false,
            "enable_xff_client_port": false,
            "enable_zonal_shift": false,
            "enforce_security_group_inbound_rules_on_private_link_traffic": "",
            "id": "arn:aws:elasticloadbalancing:us-west-2:341360363145:loadbalancer/app/log-aggregator-dev-alb/90a89ab94ece4e2f",
            "idle_timeout": 60,
            "internal": false,
            "ip_address_type": "ipv4",
            "load_balancer_type": "application",
            "name": "log-aggregator-dev-alb",
            "name_prefix": "",
            "preserve_host_header": false,
            "security_groups": [
              "sg-0495bf864ddc0b1c3"
            ],
            "subnet_mapping": [
              {
                "allocation_id": "",
                "ipv6_address": "",
                "outpost_id": "",
                "private_ipv4_address": "",
                "subnet_id": "subnet-04a04697a00b512b5"
              },
              {
                "allocation_id": "",
                "ipv6_address": "",
                "outpost_id": "",
                "private_ipv4_address": "",
                "subnet_id": "subnet-075b3ea04eafc63ee"
              }
            ],
            "subnets": [
              "subnet-04a04697a00b512b5",
              "subnet-075b3ea04eafc63ee"
            ],
            "tags": {
              "Name": "log-aggregator-dev-alb"
            },
            "tags_all": {
              "Environment": "dev",
              "ManagedBy": "terraform",
              "Name": "log-aggregator-dev-alb",
              "Project": "log-aggregator"
            },
            "timeouts": null,
            "vpc_id": "vpc-057651851869862ea",
            "xff_header_processing_mode": "append",
            "zone_id": "Z1H1FL5HABSF5"
          },
          "sensitive_attributes": [],
          "identity_schema_version": 0,
          "private": "eyJlMmJmYjczMC1lY2FhLTExZTYtOGY4OC0zNDM2M2JjN2M0YzAiOnsiY3JlYXRlIjo2MDAwMDAwMDAwMDAsImRlbGV0ZSI6NjAwMDAwMDAwMDAwLCJ1cGRhdGUiOjYwMDAwMDAwMDAwMH19",
          "dependencies": [
            "aws_security_group.alb",
            "aws_subnet.public",
            "aws_vpc.main",
            "data.aws_availability_zones.available"
          ]
        }
      ]
    },
    {
      "mode": "managed",
      "type": "aws_lb_listener",
      "name": "go_service",
      "provider": "provider[\"registry.terraform.io/hashicorp/aws\"]",
      "instances": [
        {
          "schema_version": 0,
          "attributes": {
            "alpn_policy": null,
            "arn": "arn:aws:elasticloadbalancing:us-west-2:341360363145:listener/app/log-aggregator-dev-alb/90a89ab94ece4e2f/c6332185c031defa",
            "certificate_arn": null,
            "default_action": [
              {
                "authenticate_cognito": [],
                "authenticate_oidc": [],
                "fixed_response": [],
                "forward": [],
                "order": 1,
                "redirect": [],
                "target_group_arn": "arn:aws:elasticloadbalancing:us-west-2:341360363145:targetgroup/log-aggregator-dev-go-service/1812127972977879",
                "type": "forward"
              }
            ],
            "id": "arn:aws:elasticloadbalancing:us-west-2:341360363145:listener/app/log-aggregator-dev-alb/90a89ab94ece4e2f/c6332185c031defa",
            "load_balancer_arn": "arn:aws:elasticloadbalancing:us-west-2:341360363145:loadbalancer/app/log-aggregator-dev-alb/90a89ab94ece4e2f",
            "mutual_authentication": [],
            "port": 8080,
            "protocol": "HTTP",
            "routing_http_request_x_amzn_mtls_clientcert_header_name": null,
            "routing_http_request_x_amzn_mtls_clientcert_issuer_header_name": null,
            "routing_http_request_x_amzn_mtls_clientcert_leaf_header_name": null,
            "routing_http_request_x_amzn_mtls_clientcert_serial_number_header_name": null,
            "routing_http_request_x_amzn_mtls_clientcert_subject_header_name": null,
            "routing_http_request_x_amzn_mtls_clientcert_validity_header_name": null,
            "routing_http_request_x_amzn_tls_cipher_suite_header_name": null,
            "routing_http_request_x_amzn_tls_version_header_name": null,
            "routing_http_response_access_control_allow_credentials_header_value": "",
            "routing_http_response_access_control_allow_headers_header_value": "",
            "routing_http_response_access_control_allow_methods_header_value": "",
            "routing_http_response_access_control_allow_origin_header_value": "",
            "routing_http_response_access_control_expose_headers_header_value": "",
            "routing_http_response_access_control_max_age_header_value": "",
            "routing_http_response_content_security_policy_header_value": "",
            "routing_http_response_server_enabled": false,
            "routing_http_response_strict_transport_security_header_value": "",
            "routing_http_response_x_content_type_options_header_value": "",
            "routing_http_response_x_frame_options_header_value": "",
            "ssl_policy": "",
            "tags": {},
            "tags_all": {
              "Environment": "dev",
              "ManagedBy": "terraform",
              "Project": "log-aggregator"
            },
            "tcp_idle_timeout_seconds": null,
            "timeouts": null
          },
          "sensitive_attributes": [],
          "identity_schema_version": 0,
          "private": "eyJlMmJmYjczMC1lY2FhLTExZTYtOGY4OC0zNDM2M2JjN2M0YzAiOnsiY3JlYXRlIjozMDAwMDAwMDAwMDAsInVwZGF0ZSI6MzAwMDAwMDAwMDAwfX0=",
          "dependencies": [
            "aws_lb.main",
            "aws_lb_target_group.go_service",
            "aws_security_group.alb",
            "aws_subnet.public",
            "aws_vpc.main",
            "data.aws_availability_zones.available"
          ]
        }
      ]
    },
    {
      "mode": "managed",
      "type": "aws_lb_listener",
      "name": "ui_api",
      "provider": "provider[\"registry.terraform.io/hashicorp/aws\"]",
      "instances": [
        {
          "schema_version": 0,
          "attributes": {
            "alpn_policy": null,
            "arn": "arn:aws:elasticloadbalancing:us-west-2:341360363145:listener/app/log-aggregator-dev-alb/90a89ab94ece4e2f/7e99f4c983cb1d71",
            "certificate_arn": null,
            "default_action": [
              {
                "authenticate_cognito": [],
                "authenticate_oidc": [],
                "fixed_response": [],
                "forward": [],
                "order": 1,
                "redirect": [],
                "target_group_arn": "arn:aws:elasticloadbalancing:us-west-2:341360363145:targetgroup/log-aggregator-dev-ui-api/f761f6c42fe597c8",
                "type": "forward"
              }
            ],
            "id": "arn:aws:elasticloadbalancing:us-west-2:341360363145:listener/app/log-aggregator-dev-alb/90a89ab94ece4e2f/7e99f4c983cb1d71",
            "load_balancer_arn": "arn:aws:elasticloadbalancing:us-west-2:341360363145:loadbalancer/app/log-aggregator-dev-alb/90a89ab94ece4e2f",
            "mutual_authentication": [],
            "port": 80,
            "protocol": "HTTP",
            "routing_http_request_x_amzn_mtls_clientcert_header_name": null,
            "routing_http_request_x_amzn_mtls_clientcert_issuer_header_name": null,
            "routing_http_request_x_amzn_mtls_clientcert_leaf_header_name": null,
            "routing_http_request_x_amzn_mtls_clientcert_serial_number_header_name": null,
            "routing_http_request_x_amzn_mtls_clientcert_subject_header_name": null,
            "routing_http_request_x_amzn_mtls_clientcert_validity_header_name": null,
            "routing_http_request_x_amzn_tls_cipher_suite_header_name": null,
            "routing_http_request_x_amzn_tls_version_header_name": null,
            "routing_http_response_access_control_allow_credentials_header_value": "",
            "routing_http_response_access_control_allow_headers_header_value": "",
            "routing_http_response_access_control_allow_methods_header_value": "",
            "routing_http_response_access_control_allow_origin_header_value": "",
            "routing_http_response_access_control_expose_headers_header_value": "",
            "routing_http_response_access_control_max_age_header_value": "",
            "routing_http_response_content_security_policy_header_value": "",
            "routing_http_response_server_enabled": false,
            "routing_http_response_strict_transport_security_header_value": "",
            "routing_http_response_x_content_type_options_header_value": "",
            "routing_http_response_x_frame_options_header_value": "",
            "ssl_policy": "",
            "tags": {},
            "tags_all": {
              "Environment": "dev",
              "ManagedBy": "terraform",
              "Project": "log-aggregator"
            },
            "tcp_idle_timeout_seconds": null,
            "timeouts": null
          },
          "sensitive_attributes": [],
          "identity_schema_version": 0,
          "private": "eyJlMmJmYjczMC1lY2FhLTExZTYtOGY4OC0zNDM2M2JjN2M0YzAiOnsiY3JlYXRlIjozMDAwMDAwMDAwMDAsInVwZGF0ZSI6MzAwMDAwMDAwMDAwfX0=",
          "dependencies": [
            "aws_lb.main",
            "aws_lb_target_group.ui_api",
            "aws_security_group.alb",
            "aws_subnet.public",
            "aws_vpc.main",
            "data.aws_availability_zones.available"
          ]
        }
      ]
    },
    {
      "mode": "managed",
      "type": "aws_lb_target_group",
      "name": "go_service",
      "provider": "provider[\"registry.terraform.io/hashicorp/aws\"]",
      "instances": [
        {
          "schema_version": 0,
          "attributes": {
            "arn": "arn:aws:elasticloadbalancing:us-west-2:341360363145:targetgroup/log-aggregator-dev-go-service/1812127972977879",
            "arn_suffix": "targetgroup/log-aggregator-dev-go-service/1812127972977879",
            "connection_termination": null,
            "deregistration_delay": "300",
            "health_check": [
              {
                "enabled": true,
                "healthy_threshold": 2,
                "interval": 30,
                "matcher": "200-399",
                "path": "/",
                "port": "traffic-port",
                "protocol": "HTTP",
                "timeout": 5,
                "unhealthy_threshold": 2
              }
            ],
            "id": "arn:aws:elasticloadbalancing:us-west-2:341360363145:targetgroup/log-aggregator-dev-go-service/1812127972977879",
            "ip_address_type": "ipv4",
            "lambda_multi_value_headers_enabled": false,
            "load_balancer_arns": [
              "arn:aws:elasticloadbalancing:us-west-2:341360363145:loadbalancer/app/log-aggregator-dev-alb/90a89ab94ece4e2f"
            ],
            "load_balancing_algorithm_type": "round_robin",
            "load_balancing_anomaly_mitigation": "off",
            "load_balancing_cross_zone_enabled": "use_load_balancer_configuration",
            "name": "log-aggregator-dev-go-service",
            "name_prefix": "",
            "port": 8080,
            "preserve_client_ip": null,
            "protocol": "HTTP",
            "protocol_version": "HTTP1",
            "proxy_protocol_v2": false,
            "slow_start": 0,
            "stickiness": [
              {
                "cookie_duration": 86400,
                "cookie_name": "",
                "enabled": false,
                "type": "lb_cookie"
              }
            ],
            "tags": {},
            "tags_all": {
              "Environment": "dev",
              "ManagedBy": "terraform",
              "Project": "log-aggregator"
            },
            "target_failover": [
              {
                "on_deregistration": null,
                "on_unhealthy": null
              }
            ],
            "target_group_health": [
              {
                "dns_failover": [
                  {
                    "minimum_healthy_targets_count": "1",
                    "minimum_healthy_targets_percentage": "off"
                  }
                ],
                "unhealthy_state_routing": [
                  {
                    "minimum_healthy_targets_count": 1,
                    "minimum_healthy_targets_percentage": "off"
                  }
                ]
              }
            ],
            "target_health_state": [
              {
                "enable_unhealthy_connection_termination": null,
                "unhealthy_draining_interval": null
              }
            ],
            "target_type": "ip",
            "vpc_id": "vpc-057651851869862ea"
          },
          "sensitive_attributes": [],
          "identity_schema_version": 0,
          "private": "bnVsbA==",
          "dependencies": [
            "aws_vpc.main"
          ]
        }
      ]
    },
    {
      "mode": "managed",
      "type": "aws_lb_target_group",
      "name": "ui_api",
      "provider": "provider[\"registry.terraform.io/hashicorp/aws\"]",
      "instances": [
        {
          "schema_version": 0,
          "attributes": {
            "arn": "arn:aws:elasticloadbalancing:us-west-2:341360363145:targetgroup/log-aggregator-dev-ui-api/f761f6c42fe597c8",
            "arn_suffix": "targetgroup/log-aggregator-dev-ui-api/f761f6c42fe597c8",
            "connection_termination": null,
            "deregistration_delay": "300",
            "health_check": [
              {
                "enabled": true,
                "healthy_threshold": 2,
                "interval": 30,
                "matcher": "200",
                "path": "/api/health",
                "port": "traffic-port",
                "protocol": "HTTP",
                "timeout": 5,
                "unhealthy_threshold": 2
              }
            ],
            "id": "arn:aws:elasticloadbalancing:us-west-2:341360363145:targetgroup/log-aggregator-dev-ui-api/f761f6c42fe597c8",
            "ip_address_type": "ipv4",
            "lambda_multi_value_headers_enabled": false,
            "load_balancer_arns": [
              "arn:aws:elasticloadbalancing:us-west-2:341360363145:loadbalancer/app/log-aggregator-dev-alb/90a89ab94ece4e2f"
            ],
            "load_balancing_algorithm_type": "round_robin",
            "load_balancing_anomaly_mitigation": "off",
            "load_balancing_cross_zone_enabled": "use_load_balancer_configuration",
            "name": "log-aggregator-dev-ui-api",
            "name_prefix": "",
            "port": 8000,
            "preserve_client_ip": null,
            "protocol": "HTTP",
            "protocol_version": "HTTP1",
            "proxy_protocol_v2": false,
            "slow_start": 0,
            "stickiness": [
              {
                "cookie_duration": 86400,
                "cookie_name": "",
                "enabled": false,
                "type": "lb_cookie"
              }
            ],
            "tags": {},
            "tags_all": {
              "Environment": "dev",
              "ManagedBy": "terraform",
              "Project": "log-aggregator"
            },
            "target_failover": [
              {
                "on_deregistration": null,
                "on_unhealthy": null
              }
            ],
            "target_group_health": [
              {
                "dns_failover": [
                  {
                    "minimum_healthy_targets_count": "1",
                    "minimum_healthy_targets_percentage": "off"
                  }
                ],
                "unhealthy_state_routing": [
                  {
                    "minimum_healthy_targets_count": 1,
                    "minimum_healthy_targets_percentage": "off"
                  }
                ]
              }
            ],
            "target_health_state": [
              {
                "enable_unhealthy_connection_termination": null,
                "unhealthy_draining_interval": null
              }
            ],
            "target_type": "ip",
            "vpc_id": "vpc-057651851869862ea"
          },
          "sensitive_attributes": [],
          "identity_schema_version": 0,
          "private": "bnVsbA==",
          "dependencies": [
            "aws_vpc.main"
          ]
        }
      ]
    },
    {
      "mode": "managed",
      "type": "aws_nat_gateway",
      "name": "main",
      "provider": "provider[\"registry.terraform.io/hashicorp/aws\"]",
      "instances": [
        {
          "schema_version": 0,
          "attributes": {
            "allocation_id": "eipalloc-06e47c03b5ac746bc",
            "association_id": "eipassoc-00cddbfb3ac2f9fd4",
            "connectivity_type": "public",
            "id": "nat-0a03c61ee8f564bb4",
            "network_interface_id": "eni-068879ec82b61f77e",
            "private_ip": "10.20.0.85",
            "public_ip": "52.25.48.254",
            "secondary_allocation_ids": [],
            "secondary_private_ip_address_count": 0,
            "secondary_private_ip_addresses": [],
            "subnet_id": "subnet-075b3ea04eafc63ee",
            "tags": {
              "Name": "log-aggregator-dev-nat"
            },
            "tags_all": {
              "Environment": "dev",
              "ManagedBy": "terraform",
              "Name": "log-aggregator-dev-nat",
              "Project": "log-aggregator"
            },
            "timeouts": null
          },
          "sensitive_attributes": [],
          "identity_schema_version": 0,
          "private": "eyJlMmJmYjczMC1lY2FhLTExZTYtOGY4OC0zNDM2M2JjN2M0YzAiOnsiY3JlYXRlIjo2MDAwMDAwMDAwMDAsImRlbGV0ZSI6MTgwMDAwMDAwMDAwMCwidXBkYXRlIjo2MDAwMDAwMDAwMDB9fQ==",
          "dependencies": [
            "aws_eip.nat",
            "aws_internet_gateway.main",
            "aws_subnet.public",
            "aws_vpc.main",
            "data.aws_availability_zones.available"
          ]
        }
      ]
    },
    {
      "mode": "managed",
      "type": "aws_route_table",
      "name": "private",
      "provider": "provider[\"registry.terraform.io/hashicorp/aws\"]",
      "instances": [
        {
          "schema_version": 0,
          "attributes": {
            "arn": "arn:aws:ec2:us-west-2:341360363145:route-table/rtb-08fe46241907f2a58",
            "id": "rtb-08fe46241907f2a58",
            "owner_id": "341360363145",
            "propagating_vgws": [],
            "route": [
              {
                "carrier_gateway_id": "",
                "cidr_block": "0.0.0.0/0",
                "core_network_arn": "",
                "destination_prefix_list_id": "",
                "egress_only_gateway_id": "",
                "gateway_id": "",
                "ipv6_cidr_block": "",
                "local_gateway_id": "",
                "nat_gateway_id": "nat-0a03c61ee8f564bb4",
                "network_interface_id": "",
                "transit_gateway_id": "",
                "vpc_endpoint_id": "",
                "vpc_peering_connection_id": ""
              }
            ],
            "tags": {
              "Name": "log-aggregator-dev-private-rt"
            },
            "tags_all": {
              "Environment": "dev",
              "ManagedBy": "terraform",
              "Name": "log-aggregator-dev-private-rt",
              "Project": "log-aggregator"
            },
            "timeouts": null,
            "vpc_id": "vpc-057651851869862ea"
          },
          "sensitive_attributes": [],
          "identity_schema_version": 0,
          "private": "eyJlMmJmYjczMC1lY2FhLTExZTYtOGY4OC0zNDM2M2JjN2M0YzAiOnsiY3JlYXRlIjozMDAwMDAwMDAwMDAsImRlbGV0ZSI6MzAwMDAwMDAwMDAwLCJ1cGRhdGUiOjEyMDAwMDAwMDAwMH19",
          "dependencies": [
            "aws_eip.nat",
            "aws_internet_gateway.main",
            "aws_nat_gateway.main",
            "aws_subnet.public",
            "aws_vpc.main",
            "data.aws_availability_zones.available"
          ]
        }
      ]
    },
    {
      "mode": "managed",
      "type": "aws_route_table",
      "name": "public",
      "provider": "provider[\"registry.terraform.io/hashicorp/aws\"]",
      "instances": [
        {
          "schema_version": 0,
          "attributes": {
            "arn": "arn:aws:ec2:us-west-2:341360363145:route-table/rtb-0833124706683c707",
            "id": "rtb-0833124706683c707",
            "owner_id": "341360363145",
            "propagating_vgws": [],
            "route": [
              {
                "carrier_gateway_id": "",
                "cidr_block": "0.0.0.0/0",
                "core_network_arn": "",
                "destination_prefix_list_id": "",
                "egress_only_gateway_id": "",
                "gateway_id": "igw-07e57ea8629148219",
                "ipv6_cidr_block": "",
                "local_gateway_id": "",
                "nat_gateway_id": "",
                "network_interface_id": "",
                "transit_gateway_id": "",
                "vpc_endpoint_id": "",
                "vpc_peering_connection_id": ""
              }
            ],
            "tags": {
              "Name": "log-aggregator-dev-public-rt"
            },
            "tags_all": {
              "Environment": "dev",
              "ManagedBy": "terraform",
              "Name": "log-aggregator-dev-public-rt",
              "Project": "log-aggregator"
            },
            "timeouts": null,
            "vpc_id": "vpc-057651851869862ea"
          },
          "sensitive_attributes": [],
          "identity_schema_version": 0,
          "private": "eyJlMmJmYjczMC1lY2FhLTExZTYtOGY4OC0zNDM2M2JjN2M0YzAiOnsiY3JlYXRlIjozMDAwMDAwMDAwMDAsImRlbGV0ZSI6MzAwMDAwMDAwMDAwLCJ1cGRhdGUiOjEyMDAwMDAwMDAwMH19",
          "dependencies": [
            "aws_internet_gateway.main",
            "aws_vpc.main"
          ]
        }
      ]
    },
    {
      "mode": "managed",
      "type": "aws_route_table_association",
      "name": "private",
      "provider": "provider[\"registry.terraform.io/hashicorp/aws\"]",
      "instances": [
        {
          "index_key": "0",
          "schema_version": 0,
          "attributes": {
            "gateway_id": "",
            "id": "rtbassoc-077cfdd97a9113d29",
            "route_table_id": "rtb-08fe46241907f2a58",
            "subnet_id": "subnet-08f46902e33986d5a",
            "timeouts": null
          },
          "sensitive_attributes": [],
          "identity_schema_version": 0,
          "private": "eyJlMmJmYjczMC1lY2FhLTExZTYtOGY4OC0zNDM2M2JjN2M0YzAiOnsiY3JlYXRlIjozMDAwMDAwMDAwMDAsImRlbGV0ZSI6MzAwMDAwMDAwMDAwLCJ1cGRhdGUiOjEyMDAwMDAwMDAwMH19",
          "dependencies": [
            "aws_eip.nat",
            "aws_internet_gateway.main",
            "aws_nat_gateway.main",
            "aws_route_table.private",
            "aws_subnet.private",
            "aws_subnet.public",
            "aws_vpc.main",
            "data.aws_availability_zones.available"
          ]
        },
        {
          "index_key": "1",
          "schema_version": 0,
          "attributes": {
            "gateway_id": "",
            "id": "rtbassoc-0bd3434d423b0703e",
            "route_table_id": "rtb-08fe46241907f2a58",
            "subnet_id": "subnet-02d08590963ecbdc3",
            "timeouts": null
          },
          "sensitive_attributes": [],
          "identity_schema_version": 0,
          "private": "eyJlMmJmYjczMC1lY2FhLTExZTYtOGY4OC0zNDM2M2JjN2M0YzAiOnsiY3JlYXRlIjozMDAwMDAwMDAwMDAsImRlbGV0ZSI6MzAwMDAwMDAwMDAwLCJ1cGRhdGUiOjEyMDAwMDAwMDAwMH19",
          "dependencies": [
            "aws_eip.nat",
            "aws_internet_gateway.main",
            "aws_nat_gateway.main",
            "aws_route_table.private",
            "aws_subnet.private",
            "aws_subnet.public",
            "aws_vpc.main",
            "data.aws_availability_zones.available"
          ]
        }
      ]
    },
    {
      "mode": "managed",
      "type": "aws_route_table_association",
      "name": "public",
      "provider": "provider[\"registry.terraform.io/hashicorp/aws\"]",
      "instances": [
        {
          "index_key": "0",
          "schema_version": 0,
          "attributes": {
            "gateway_id": "",
            "id": "rtbassoc-0e654bc3404db764b",
            "route_table_id": "rtb-0833124706683c707",
            "subnet_id": "subnet-075b3ea04eafc63ee",
            "timeouts": null
          },
          "sensitive_attributes": [],
          "identity_schema_version": 0,
          "private": "eyJlMmJmYjczMC1lY2FhLTExZTYtOGY4OC0zNDM2M2JjN2M0YzAiOnsiY3JlYXRlIjozMDAwMDAwMDAwMDAsImRlbGV0ZSI6MzAwMDAwMDAwMDAwLCJ1cGRhdGUiOjEyMDAwMDAwMDAwMH19",
          "dependencies": [
            "aws_internet_gateway.main",
            "aws_route_table.public",
            "aws_subnet.public",
            "aws_vpc.main",
            "data.aws_availability_zones.available"
          ]
        },
        {
          "index_key": "1",
          "schema_version": 0,
          "attributes": {
            "gateway_id": "",
            "id": "rtbassoc-003238e1d4349e974",
            "route_table_id": "rtb-0833124706683c707",
            "subnet_id": "subnet-04a04697a00b512b5",
            "timeouts": null
          },
          "sensitive_attributes": [],
          "identity_schema_version": 0,
          "private": "eyJlMmJmYjczMC1lY2FhLTExZTYtOGY4OC0zNDM2M2JjN2M0YzAiOnsiY3JlYXRlIjozMDAwMDAwMDAwMDAsImRlbGV0ZSI6MzAwMDAwMDAwMDAwLCJ1cGRhdGUiOjEyMDAwMDAwMDAwMH19",
          "dependencies": [
            "aws_internet_gateway.main",
            "aws_route_table.public",
            "aws_subnet.public",
            "aws_vpc.main",
            "data.aws_availability_zones.available"
          ]
        }
      ]
    },
    {
      "mode": "managed",
      "type": "aws_security_group",
      "name": "alb",
      "provider": "provider[\"registry.terraform.io/hashicorp/aws\"]",
      "instances": [
        {
          "schema_version": 1,
          "attributes": {
            "arn": "arn:aws:ec2:us-west-2:341360363145:security-group/sg-0495bf864ddc0b1c3",
            "description": "Public access to the ALB.",
            "egress": [
              {
                "cidr_blocks": [
                  "0.0.0.0/0"
                ],
                "description": "",
                "from_port": 0,
                "ipv6_cidr_blocks": [],
                "prefix_list_ids": [],
                "protocol": "-1",
                "security_groups": [],
                "self": false,
                "to_port": 0
              }
            ],
            "id": "sg-0495bf864ddc0b1c3",
            "ingress": [
              {
                "cidr_blocks": [
                  "0.0.0.0/0"
                ],
                "description": "HTTP UI",
                "from_port": 80,
                "ipv6_cidr_blocks": [],
                "prefix_list_ids": [],
                "protocol": "tcp",
                "security_groups": [],
                "self": false,
                "to_port": 80
              },
              {
                "cidr_blocks": [
                  "0.0.0.0/0"
                ],
                "description": "HTTP go-service demo",
                "from_port": 8080,
                "ipv6_cidr_blocks": [],
                "prefix_list_ids": [],
                "protocol": "tcp",
                "security_groups": [],
                "self": false,
                "to_port": 8080
              }
            ],
            "name": "log-aggregator-dev-alb-sg",
            "name_prefix": "",
            "owner_id": "341360363145",
            "revoke_rules_on_delete": false,
            "tags": {
              "Name": "log-aggregator-dev-alb-sg"
            },
            "tags_all": {
              "Environment": "dev",
              "ManagedBy": "terraform",
              "Name": "log-aggregator-dev-alb-sg",
              "Project": "log-aggregator"
            },
            "timeouts": null,
            "vpc_id": "vpc-057651851869862ea"
          },
          "sensitive_attributes": [],
          "identity_schema_version": 0,
          "private": "eyJlMmJmYjczMC1lY2FhLTExZTYtOGY4OC0zNDM2M2JjN2M0YzAiOnsiY3JlYXRlIjo2MDAwMDAwMDAwMDAsImRlbGV0ZSI6OTAwMDAwMDAwMDAwfSwic2NoZW1hX3ZlcnNpb24iOiIxIn0=",
          "dependencies": [
            "aws_vpc.main"
          ]
        }
      ]
    },
    {
      "mode": "managed",
      "type": "aws_security_group",
      "name": "ecs_services",
      "provider": "provider[\"registry.terraform.io/hashicorp/aws\"]",
      "instances": [
        {
          "schema_version": 1,
          "attributes": {
            "arn": "arn:aws:ec2:us-west-2:341360363145:security-group/sg-064d0c1a918223e60",
            "description": "Security group for ECS services.",
            "egress": [
              {
                "cidr_blocks": [
                  "0.0.0.0/0"
                ],
                "description": "",
                "from_port": 0,
                "ipv6_cidr_blocks": [],
                "prefix_list_ids": [],
                "protocol": "-1",
                "security_groups": [],
                "self": false,
                "to_port": 0
              }
            ],
            "id": "sg-064d0c1a918223e60",
            "ingress": [
              {
                "cidr_blocks": [],
                "description": "UI from ALB",
                "from_port": 8000,
                "ipv6_cidr_blocks": [],
                "prefix_list_ids": [],
                "protocol": "tcp",
                "security_groups": [
                  "sg-0495bf864ddc0b1c3"
                ],
                "self": false,
                "to_port": 8000
              },
              {
                "cidr_blocks": [],
                "description": "east-west traffic between ECS tasks",
                "from_port": 0,
                "ipv6_cidr_blocks": [],
                "prefix_list_ids": [],
                "protocol": "tcp",
                "security_groups": [],
                "self": true,
                "to_port": 65535
              },
              {
                "cidr_blocks": [],
                "description": "go-service from ALB",
                "from_port": 8080,
                "ipv6_cidr_blocks": [],
                "prefix_list_ids": [],
                "protocol": "tcp",
                "security_groups": [
                  "sg-0495bf864ddc0b1c3"
                ],
                "self": false,
                "to_port": 8080
              }
            ],
            "name": "log-aggregator-dev-ecs-sg",
            "name_prefix": "",
            "owner_id": "341360363145",
            "revoke_rules_on_delete": false,
            "tags": {
              "Name": "log-aggregator-dev-ecs-sg"
            },
            "tags_all": {
              "Environment": "dev",
              "ManagedBy": "terraform",
              "Name": "log-aggregator-dev-ecs-sg",
              "Project": "log-aggregator"
            },
            "timeouts": null,
            "vpc_id": "vpc-057651851869862ea"
          },
          "sensitive_attributes": [],
          "identity_schema_version": 0,
          "private": "eyJlMmJmYjczMC1lY2FhLTExZTYtOGY4OC0zNDM2M2JjN2M0YzAiOnsiY3JlYXRlIjo2MDAwMDAwMDAwMDAsImRlbGV0ZSI6OTAwMDAwMDAwMDAwfSwic2NoZW1hX3ZlcnNpb24iOiIxIn0=",
          "dependencies": [
            "aws_security_group.alb",
            "aws_vpc.main"
          ]
        }
      ]
    },
    {
      "mode": "managed",
      "type": "aws_security_group",
      "name": "stateful_host",
      "provider": "provider[\"registry.terraform.io/hashicorp/aws\"]",
      "instances": [
        {
          "schema_version": 1,
          "attributes": {
            "arn": "arn:aws:ec2:us-west-2:341360363145:security-group/sg-0cf640c6d8a031659",
            "description": "Access for Kafka, Cassandra, Elasticsearch, and Ollama on EC2.",
            "egress": [
              {
                "cidr_blocks": [
                  "0.0.0.0/0"
                ],
                "description": "",
                "from_port": 0,
                "ipv6_cidr_blocks": [],
                "prefix_list_ids": [],
                "protocol": "-1",
                "security_groups": [],
                "self": false,
                "to_port": 0
              }
            ],
            "id": "sg-0cf640c6d8a031659",
            "ingress": [
              {
                "cidr_blocks": [],
                "description": "Cassandra from ECS",
                "from_port": 9042,
                "ipv6_cidr_blocks": [],
                "prefix_list_ids": [],
                "protocol": "tcp",
                "security_groups": [
                  "sg-064d0c1a918223e60"
                ],
                "self": false,
                "to_port": 9042
              },
              {
                "cidr_blocks": [],
                "description": "Elasticsearch from ECS",
                "from_port": 9200,
                "ipv6_cidr_blocks": [],
                "prefix_list_ids": [],
                "protocol": "tcp",
                "security_groups": [
                  "sg-064d0c1a918223e60"
                ],
                "self": false,
                "to_port": 9200
              },
              {
                "cidr_blocks": [],
                "description": "Kafka from ECS",
                "from_port": 9092,
                "ipv6_cidr_blocks": [],
                "prefix_list_ids": [],
                "protocol": "tcp",
                "security_groups": [
                  "sg-064d0c1a918223e60"
                ],
                "self": false,
                "to_port": 9092
              },
              {
                "cidr_blocks": [],
                "description": "Ollama from ECS",
                "from_port": 11434,
                "ipv6_cidr_blocks": [],
                "prefix_list_ids": [],
                "protocol": "tcp",
                "security_groups": [
                  "sg-064d0c1a918223e60"
                ],
                "self": false,
                "to_port": 11434
              }
            ],
            "name": "log-aggregator-dev-stateful-sg",
            "name_prefix": "",
            "owner_id": "341360363145",
            "revoke_rules_on_delete": false,
            "tags": {
              "Name": "log-aggregator-dev-stateful-sg"
            },
            "tags_all": {
              "Environment": "dev",
              "ManagedBy": "terraform",
              "Name": "log-aggregator-dev-stateful-sg",
              "Project": "log-aggregator"
            },
            "timeouts": null,
            "vpc_id": "vpc-057651851869862ea"
          },
          "sensitive_attributes": [],
          "identity_schema_version": 0,
          "private": "eyJlMmJmYjczMC1lY2FhLTExZTYtOGY4OC0zNDM2M2JjN2M0YzAiOnsiY3JlYXRlIjo2MDAwMDAwMDAwMDAsImRlbGV0ZSI6OTAwMDAwMDAwMDAwfSwic2NoZW1hX3ZlcnNpb24iOiIxIn0=",
          "dependencies": [
            "aws_security_group.alb",
            "aws_security_group.ecs_services",
            "aws_vpc.main"
          ]
        }
      ]
    },
    {
      "mode": "managed",
      "type": "aws_service_discovery_private_dns_namespace",
      "name": "ecs",
      "provider": "provider[\"registry.terraform.io/hashicorp/aws\"]",
      "instances": [
        {
          "schema_version": 0,
          "attributes": {
            "arn": "arn:aws:servicediscovery:us-west-2:341360363145:namespace/ns-z5tyg5q4ec3nabul",
            "description": "Private namespace for ECS service-to-service discovery.",
            "hosted_zone": "Z0102732J9IBF9GR8PQK",
            "id": "ns-z5tyg5q4ec3nabul",
            "name": "dev.log-aggregator.local",
            "tags": {},
            "tags_all": {
              "Environment": "dev",
              "ManagedBy": "terraform",
              "Project": "log-aggregator"
            },
            "vpc": "vpc-057651851869862ea"
          },
          "sensitive_attributes": [],
          "identity_schema_version": 0,
          "private": "bnVsbA==",
          "dependencies": [
            "aws_vpc.main"
          ]
        }
      ]
    },
    {
      "mode": "managed",
      "type": "aws_service_discovery_service",
      "name": "services",
      "provider": "provider[\"registry.terraform.io/hashicorp/aws\"]",
      "instances": [
        {
          "index_key": "cassandra_store",
          "schema_version": 0,
          "attributes": {
            "arn": "arn:aws:servicediscovery:us-west-2:341360363145:service/srv-gpwirkcqhx35faoa",
            "description": "",
            "dns_config": [
              {
                "dns_records": [
                  {
                    "ttl": 10,
                    "type": "A"
                  }
                ],
                "namespace_id": "ns-z5tyg5q4ec3nabul",
                "routing_policy": "MULTIVALUE"
              }
            ],
            "force_destroy": false,
            "health_check_config": [],
            "health_check_custom_config": [
              {
                "failure_threshold": 1
              }
            ],
            "id": "srv-gpwirkcqhx35faoa",
            "name": "cassandra-store",
            "namespace_id": "ns-z5tyg5q4ec3nabul",
            "tags": {},
            "tags_all": {
              "Environment": "dev",
              "ManagedBy": "terraform",
              "Project": "log-aggregator"
            },
            "type": "DNS_HTTP"
          },
          "sensitive_attributes": [],
          "identity_schema_version": 0,
          "private": "bnVsbA==",
          "dependencies": [
            "aws_service_discovery_private_dns_namespace.ecs",
            "aws_vpc.main"
          ]
        },
        {
          "index_key": "cpp_service",
          "schema_version": 0,
          "attributes": {
            "arn": "arn:aws:servicediscovery:us-west-2:341360363145:service/srv-afr2gioiestkhdgf",
            "description": "",
            "dns_config": [
              {
                "dns_records": [
                  {
                    "ttl": 10,
                    "type": "A"
                  }
                ],
                "namespace_id": "ns-z5tyg5q4ec3nabul",
                "routing_policy": "MULTIVALUE"
              }
            ],
            "force_destroy": false,
            "health_check_config": [],
            "health_check_custom_config": [
              {
                "failure_threshold": 1
              }
            ],
            "id": "srv-afr2gioiestkhdgf",
            "name": "cpp-service",
            "namespace_id": "ns-z5tyg5q4ec3nabul",
            "tags": {},
            "tags_all": {
              "Environment": "dev",
              "ManagedBy": "terraform",
              "Project": "log-aggregator"
            },
            "type": "DNS_HTTP"
          },
          "sensitive_attributes": [],
          "identity_schema_version": 0,
          "private": "bnVsbA==",
          "dependencies": [
            "aws_service_discovery_private_dns_namespace.ecs",
            "aws_vpc.main"
          ]
        },
        {
          "index_key": "elasticsearch_indexer",
          "schema_version": 0,
          "attributes": {
            "arn": "arn:aws:servicediscovery:us-west-2:341360363145:service/srv-ydp5qsz26ebuwdfd",
            "description": "",
            "dns_config": [
              {
                "dns_records": [
                  {
                    "ttl": 10,
                    "type": "A"
                  }
                ],
                "namespace_id": "ns-z5tyg5q4ec3nabul",
                "routing_policy": "MULTIVALUE"
              }
            ],
            "force_destroy": false,
            "health_check_config": [],
            "health_check_custom_config": [
              {
                "failure_threshold": 1
              }
            ],
            "id": "srv-ydp5qsz26ebuwdfd",
            "name": "elasticsearch-indexer",
            "namespace_id": "ns-z5tyg5q4ec3nabul",
            "tags": {},
            "tags_all": {
              "Environment": "dev",
              "ManagedBy": "terraform",
              "Project": "log-aggregator"
            },
            "type": "DNS_HTTP"
          },
          "sensitive_attributes": [],
          "identity_schema_version": 0,
          "private": "bnVsbA==",
          "dependencies": [
            "aws_service_discovery_private_dns_namespace.ecs",
            "aws_vpc.main"
          ]
        },
        {
          "index_key": "go_service",
          "schema_version": 0,
          "attributes": {
            "arn": "arn:aws:servicediscovery:us-west-2:341360363145:service/srv-ewvv4jam6il34q7b",
            "description": "",
            "dns_config": [
              {
                "dns_records": [
                  {
                    "ttl": 10,
                    "type": "A"
                  }
                ],
                "namespace_id": "ns-z5tyg5q4ec3nabul",
                "routing_policy": "MULTIVALUE"
              }
            ],
            "force_destroy": false,
            "health_check_config": [],
            "health_check_custom_config": [
              {
                "failure_threshold": 1
              }
            ],
            "id": "srv-ewvv4jam6il34q7b",
            "name": "go-service",
            "namespace_id": "ns-z5tyg5q4ec3nabul",
            "tags": {},
            "tags_all": {
              "Environment": "dev",
              "ManagedBy": "terraform",
              "Project": "log-aggregator"
            },
            "type": "DNS_HTTP"
          },
          "sensitive_attributes": [],
          "identity_schema_version": 0,
          "private": "bnVsbA==",
          "dependencies": [
            "aws_service_discovery_private_dns_namespace.ecs",
            "aws_vpc.main"
          ]
        },
        {
          "index_key": "java_service",
          "schema_version": 0,
          "attributes": {
            "arn": "arn:aws:servicediscovery:us-west-2:341360363145:service/srv-pjuphibomova3qd6",
            "description": "",
            "dns_config": [
              {
                "dns_records": [
                  {
                    "ttl": 10,
                    "type": "A"
                  }
                ],
                "namespace_id": "ns-z5tyg5q4ec3nabul",
                "routing_policy": "MULTIVALUE"
              }
            ],
            "force_destroy": false,
            "health_check_config": [],
            "health_check_custom_config": [
              {
                "failure_threshold": 1
              }
            ],
            "id": "srv-pjuphibomova3qd6",
            "name": "java-service",
            "namespace_id": "ns-z5tyg5q4ec3nabul",
            "tags": {},
            "tags_all": {
              "Environment": "dev",
              "ManagedBy": "terraform",
              "Project": "log-aggregator"
            },
            "type": "DNS_HTTP"
          },
          "sensitive_attributes": [],
          "identity_schema_version": 0,
          "private": "bnVsbA==",
          "dependencies": [
            "aws_service_discovery_private_dns_namespace.ecs",
            "aws_vpc.main"
          ]
        },
        {
          "index_key": "otel_collector",
          "schema_version": 0,
          "attributes": {
            "arn": "arn:aws:servicediscovery:us-west-2:341360363145:service/srv-6l275evxv5hdqv7p",
            "description": "",
            "dns_config": [
              {
                "dns_records": [
                  {
                    "ttl": 10,
                    "type": "A"
                  }
                ],
                "namespace_id": "ns-z5tyg5q4ec3nabul",
                "routing_policy": "MULTIVALUE"
              }
            ],
            "force_destroy": false,
            "health_check_config": [],
            "health_check_custom_config": [
              {
                "failure_threshold": 1
              }
            ],
            "id": "srv-6l275evxv5hdqv7p",
            "name": "otel-collector",
            "namespace_id": "ns-z5tyg5q4ec3nabul",
            "tags": {},
            "tags_all": {
              "Environment": "dev",
              "ManagedBy": "terraform",
              "Project": "log-aggregator"
            },
            "type": "DNS_HTTP"
          },
          "sensitive_attributes": [],
          "identity_schema_version": 0,
          "private": "bnVsbA==",
          "dependencies": [
            "aws_service_discovery_private_dns_namespace.ecs",
            "aws_vpc.main"
          ]
        },
        {
          "index_key": "ui_api",
          "schema_version": 0,
          "attributes": {
            "arn": "arn:aws:servicediscovery:us-west-2:341360363145:service/srv-7p4kagxo5sf6avis",
            "description": "",
            "dns_config": [
              {
                "dns_records": [
                  {
                    "ttl": 10,
                    "type": "A"
                  }
                ],
                "namespace_id": "ns-z5tyg5q4ec3nabul",
                "routing_policy": "MULTIVALUE"
              }
            ],
            "force_destroy": false,
            "health_check_config": [],
            "health_check_custom_config": [
              {
                "failure_threshold": 1
              }
            ],
            "id": "srv-7p4kagxo5sf6avis",
            "name": "ui-api",
            "namespace_id": "ns-z5tyg5q4ec3nabul",
            "tags": {},
            "tags_all": {
              "Environment": "dev",
              "ManagedBy": "terraform",
              "Project": "log-aggregator"
            },
            "type": "DNS_HTTP"
          },
          "sensitive_attributes": [],
          "identity_schema_version": 0,
          "private": "bnVsbA==",
          "dependencies": [
            "aws_service_discovery_private_dns_namespace.ecs",
            "aws_vpc.main"
          ]
        }
      ]
    },
    {
      "mode": "managed",
      "type": "aws_subnet",
      "name": "private",
      "provider": "provider[\"registry.terraform.io/hashicorp/aws\"]",
      "instances": [
        {
          "index_key": "0",
          "schema_version": 1,
          "attributes": {
            "arn": "arn:aws:ec2:us-west-2:341360363145:subnet/subnet-08f46902e33986d5a",
            "assign_ipv6_address_on_creation": false,
            "availability_zone": "us-west-2a",
            "availability_zone_id": "usw2-az1",
            "cidr_block": "10.20.10.0/24",
            "customer_owned_ipv4_pool": "",
            "enable_dns64": false,
            "enable_lni_at_device_index": 0,
            "enable_resource_name_dns_a_record_on_launch": false,
            "enable_resource_name_dns_aaaa_record_on_launch": false,
            "id": "subnet-08f46902e33986d5a",
            "ipv6_cidr_block": "",
            "ipv6_cidr_block_association_id": "",
            "ipv6_native": false,
            "map_customer_owned_ip_on_launch": false,
            "map_public_ip_on_launch": false,
            "outpost_arn": "",
            "owner_id": "341360363145",
            "private_dns_hostname_type_on_launch": "ip-name",
            "tags": {
              "Name": "log-aggregator-dev-private-1",
              "Tier": "private"
            },
            "tags_all": {
              "Environment": "dev",
              "ManagedBy": "terraform",
              "Name": "log-aggregator-dev-private-1",
              "Project": "log-aggregator",
              "Tier": "private"
            },
            "timeouts": null,
            "vpc_id": "vpc-057651851869862ea"
          },
          "sensitive_attributes": [],
          "identity_schema_version": 0,
          "private": "eyJlMmJmYjczMC1lY2FhLTExZTYtOGY4OC0zNDM2M2JjN2M0YzAiOnsiY3JlYXRlIjo2MDAwMDAwMDAwMDAsImRlbGV0ZSI6MTIwMDAwMDAwMDAwMH0sInNjaGVtYV92ZXJzaW9uIjoiMSJ9",
          "dependencies": [
            "aws_vpc.main",
            "data.aws_availability_zones.available"
          ]
        },
        {
          "index_key": "1",
          "schema_version": 1,
          "attributes": {
            "arn": "arn:aws:ec2:us-west-2:341360363145:subnet/subnet-02d08590963ecbdc3",
            "assign_ipv6_address_on_creation": false,
            "availability_zone": "us-west-2b",
            "availability_zone_id": "usw2-az2",
            "cidr_block": "10.20.11.0/24",
            "customer_owned_ipv4_pool": "",
            "enable_dns64": false,
            "enable_lni_at_device_index": 0,
            "enable_resource_name_dns_a_record_on_launch": false,
            "enable_resource_name_dns_aaaa_record_on_launch": false,
            "id": "subnet-02d08590963ecbdc3",
            "ipv6_cidr_block": "",
            "ipv6_cidr_block_association_id": "",
            "ipv6_native": false,
            "map_customer_owned_ip_on_launch": false,
            "map_public_ip_on_launch": false,
            "outpost_arn": "",
            "owner_id": "341360363145",
            "private_dns_hostname_type_on_launch": "ip-name",
            "tags": {
              "Name": "log-aggregator-dev-private-2",
              "Tier": "private"
            },
            "tags_all": {
              "Environment": "dev",
              "ManagedBy": "terraform",
              "Name": "log-aggregator-dev-private-2",
              "Project": "log-aggregator",
              "Tier": "private"
            },
            "timeouts": null,
            "vpc_id": "vpc-057651851869862ea"
          },
          "sensitive_attributes": [],
          "identity_schema_version": 0,
          "private": "eyJlMmJmYjczMC1lY2FhLTExZTYtOGY4OC0zNDM2M2JjN2M0YzAiOnsiY3JlYXRlIjo2MDAwMDAwMDAwMDAsImRlbGV0ZSI6MTIwMDAwMDAwMDAwMH0sInNjaGVtYV92ZXJzaW9uIjoiMSJ9",
          "dependencies": [
            "aws_vpc.main",
            "data.aws_availability_zones.available"
          ]
        }
      ]
    },
    {
      "mode": "managed",
      "type": "aws_subnet",
      "name": "public",
      "provider": "provider[\"registry.terraform.io/hashicorp/aws\"]",
      "instances": [
        {
          "index_key": "0",
          "schema_version": 1,
          "attributes": {
            "arn": "arn:aws:ec2:us-west-2:341360363145:subnet/subnet-075b3ea04eafc63ee",
            "assign_ipv6_address_on_creation": false,
            "availability_zone": "us-west-2a",
            "availability_zone_id": "usw2-az1",
            "cidr_block": "10.20.0.0/24",
            "customer_owned_ipv4_pool": "",
            "enable_dns64": false,
            "enable_lni_at_device_index": 0,
            "enable_resource_name_dns_a_record_on_launch": false,
            "enable_resource_name_dns_aaaa_record_on_launch": false,
            "id": "subnet-075b3ea04eafc63ee",
            "ipv6_cidr_block": "",
            "ipv6_cidr_block_association_id": "",
            "ipv6_native": false,
            "map_customer_owned_ip_on_launch": false,
            "map_public_ip_on_launch": true,
            "outpost_arn": "",
            "owner_id": "341360363145",
            "private_dns_hostname_type_on_launch": "ip-name",
            "tags": {
              "Name": "log-aggregator-dev-public-1",
              "Tier": "public"
            },
            "tags_all": {
              "Environment": "dev",
              "ManagedBy": "terraform",
              "Name": "log-aggregator-dev-public-1",
              "Project": "log-aggregator",
              "Tier": "public"
            },
            "timeouts": null,
            "vpc_id": "vpc-057651851869862ea"
          },
          "sensitive_attributes": [],
          "identity_schema_version": 0,
          "private": "eyJlMmJmYjczMC1lY2FhLTExZTYtOGY4OC0zNDM2M2JjN2M0YzAiOnsiY3JlYXRlIjo2MDAwMDAwMDAwMDAsImRlbGV0ZSI6MTIwMDAwMDAwMDAwMH0sInNjaGVtYV92ZXJzaW9uIjoiMSJ9",
          "dependencies": [
            "aws_vpc.main",
            "data.aws_availability_zones.available"
          ]
        },
        {
          "index_key": "1",
          "schema_version": 1,
          "attributes": {
            "arn": "arn:aws:ec2:us-west-2:341360363145:subnet/subnet-04a04697a00b512b5",
            "assign_ipv6_address_on_creation": false,
            "availability_zone": "us-west-2b",
            "availability_zone_id": "usw2-az2",
            "cidr_block": "10.20.1.0/24",
            "customer_owned_ipv4_pool": "",
            "enable_dns64": false,
            "enable_lni_at_device_index": 0,
            "enable_resource_name_dns_a_record_on_launch": false,
            "enable_resource_name_dns_aaaa_record_on_launch": false,
            "id": "subnet-04a04697a00b512b5",
            "ipv6_cidr_block": "",
            "ipv6_cidr_block_association_id": "",
            "ipv6_native": false,
            "map_customer_owned_ip_on_launch": false,
            "map_public_ip_on_launch": true,
            "outpost_arn": "",
            "owner_id": "341360363145",
            "private_dns_hostname_type_on_launch": "ip-name",
            "tags": {
              "Name": "log-aggregator-dev-public-2",
              "Tier": "public"
            },
            "tags_all": {
              "Environment": "dev",
              "ManagedBy": "terraform",
              "Name": "log-aggregator-dev-public-2",
              "Project": "log-aggregator",
              "Tier": "public"
            },
            "timeouts": null,
            "vpc_id": "vpc-057651851869862ea"
          },
          "sensitive_attributes": [],
          "identity_schema_version": 0,
          "private": "eyJlMmJmYjczMC1lY2FhLTExZTYtOGY4OC0zNDM2M2JjN2M0YzAiOnsiY3JlYXRlIjo2MDAwMDAwMDAwMDAsImRlbGV0ZSI6MTIwMDAwMDAwMDAwMH0sInNjaGVtYV92ZXJzaW9uIjoiMSJ9",
          "dependencies": [
            "aws_vpc.main",
            "data.aws_availability_zones.available"
          ]
        }
      ]
    },
    {
      "mode": "managed",
      "type": "aws_vpc",
      "name": "main",
      "provider": "provider[\"registry.terraform.io/hashicorp/aws\"]",
      "instances": [
        {
          "schema_version": 1,
          "attributes": {
            "arn": "arn:aws:ec2:us-west-2:341360363145:vpc/vpc-057651851869862ea",
            "assign_generated_ipv6_cidr_block": false,
            "cidr_block": "10.20.0.0/16",
            "default_network_acl_id": "acl-0940e176981f57850",
            "default_route_table_id": "rtb-06dfd76c17418cd6d",
            "default_security_group_id": "sg-00a0a22996aab2b21",
            "dhcp_options_id": "dopt-098da2c8e6d7fcc6a",
            "enable_dns_hostnames": true,
            "enable_dns_support": true,
            "enable_network_address_usage_metrics": false,
            "id": "vpc-057651851869862ea",
            "instance_tenancy": "default",
            "ipv4_ipam_pool_id": null,
            "ipv4_netmask_length": null,
            "ipv6_association_id": "",
            "ipv6_cidr_block": "",
            "ipv6_cidr_block_network_border_group": "",
            "ipv6_ipam_pool_id": "",
            "ipv6_netmask_length": 0,
            "main_route_table_id": "rtb-06dfd76c17418cd6d",
            "owner_id": "341360363145",
            "tags": {
              "Name": "log-aggregator-dev-vpc"
            },
            "tags_all": {
              "Environment": "dev",
              "ManagedBy": "terraform",
              "Name": "log-aggregator-dev-vpc",
              "Project": "log-aggregator"
            }
          },
          "sensitive_attributes": [],
          "identity_schema_version": 0,
          "private": "eyJzY2hlbWFfdmVyc2lvbiI6IjEifQ=="
        }
      ]
    }
  ],
  "check_results": null
}
